// !$*UTF8*$!
{
	archiveVersion = 1;
	classes = {
	};
	objectVersion = 56;
	objects = {

/* Begin PBXBuildFile section */
		43413F146E412DBD232595C2 /* Pods_iOS_UIKit.framework in Frameworks */ = {isa = PBXBuildFile; fileRef = 1F93BFF65E4CEB06C0BB4E1E /* Pods_iOS_UIKit.framework */; };
		CB11069A29E6E229005FFC2D /* BaseViewController.swift in Sources */ = {isa = PBXBuildFile; fileRef = CB11069929E6E229005FFC2D /* BaseViewController.swift */; };
		CB33D35429E82EB600FDAAAF /* LabelViewModel.swift in Sources */ = {isa = PBXBuildFile; fileRef = CB33D35329E82EB500FDAAAF /* LabelViewModel.swift */; };
		CB33D35929E83A5400FDAAAF /* LabelAlignmentCell.swift in Sources */ = {isa = PBXBuildFile; fileRef = CB33D35829E83A5400FDAAAF /* LabelAlignmentCell.swift */; };
		CB33D35B29E8446D00FDAAAF /* ChildCoordinatorFactory.swift in Sources */ = {isa = PBXBuildFile; fileRef = CB33D35A29E8446D00FDAAAF /* ChildCoordinatorFactory.swift */; };
		CB421FAC29E5A7F60014DC4F /* UISystemFontWeightCase.swift in Sources */ = {isa = PBXBuildFile; fileRef = CB421FAB29E5A7F60014DC4F /* UISystemFontWeightCase.swift */; };
		CB421FAE29E5A8B50014DC4F /* AlignmentCase.swift in Sources */ = {isa = PBXBuildFile; fileRef = CB421FAD29E5A8B50014DC4F /* AlignmentCase.swift */; };
		CB421FB429E5AA670014DC4F /* LabelFontCell.swift in Sources */ = {isa = PBXBuildFile; fileRef = CB421FB329E5AA670014DC4F /* LabelFontCell.swift */; };
		CB421FB829E5ABAA0014DC4F /* LabelViewConstants.swift in Sources */ = {isa = PBXBuildFile; fileRef = CB421FB729E5ABAA0014DC4F /* LabelViewConstants.swift */; };
		CB421FBA29E5ADDC0014DC4F /* LabelColorCase.swift in Sources */ = {isa = PBXBuildFile; fileRef = CB421FB929E5ADDC0014DC4F /* LabelColorCase.swift */; };
		CB421FBC29E5B2060014DC4F /* LabelListSectionCase.swift in Sources */ = {isa = PBXBuildFile; fileRef = CB421FBB29E5B2060014DC4F /* LabelListSectionCase.swift */; };
		CB421FC229E5B3180014DC4F /* LabelCoordinator.swift in Sources */ = {isa = PBXBuildFile; fileRef = CB421FC129E5B3180014DC4F /* LabelCoordinator.swift */; };
		CB421FC729E5B8AD0014DC4F /* LabelTextCell.swift in Sources */ = {isa = PBXBuildFile; fileRef = CB421FC629E5B8AD0014DC4F /* LabelTextCell.swift */; };
		CB5714D62A0A098F00365646 /* ButtonViewControllerConstants.swift in Sources */ = {isa = PBXBuildFile; fileRef = CB5714D52A0A098F00365646 /* ButtonViewControllerConstants.swift */; };
		CB5714E32A0A0E6D00365646 /* ButtonStyleCase.swift in Sources */ = {isa = PBXBuildFile; fileRef = CB5714E22A0A0E6D00365646 /* ButtonStyleCase.swift */; };
		CB5714E52A0A103900365646 /* ButtonTypeCase.swift in Sources */ = {isa = PBXBuildFile; fileRef = CB5714E42A0A103900365646 /* ButtonTypeCase.swift */; };
		CB5714FF2A0A22D300365646 /* SFSymbolsViewController.swift in Sources */ = {isa = PBXBuildFile; fileRef = CB5714FE2A0A22D300365646 /* SFSymbolsViewController.swift */; };
		CB5715032A0A232400365646 /* SFSymbolsViewControllerConstants.swift in Sources */ = {isa = PBXBuildFile; fileRef = CB5715022A0A232400365646 /* SFSymbolsViewControllerConstants.swift */; };
		CB5715052A0A2A5F00365646 /* UICollectionViewCellRegister.swift in Sources */ = {isa = PBXBuildFile; fileRef = CB5715042A0A2A5F00365646 /* UICollectionViewCellRegister.swift */; };
		CB5715072A0A2A7E00365646 /* SFSymbolsCollectionViewCell.swift in Sources */ = {isa = PBXBuildFile; fileRef = CB5715062A0A2A7E00365646 /* SFSymbolsCollectionViewCell.swift */; };
		CB57150A2A0A2AC300365646 /* SFSymbolsCollectionViewCellConstants.swift in Sources */ = {isa = PBXBuildFile; fileRef = CB5715092A0A2AC300365646 /* SFSymbolsCollectionViewCellConstants.swift */; };
		CB57150C2A0A2E1300365646 /* SFSymbolsCoordinator.swift in Sources */ = {isa = PBXBuildFile; fileRef = CB57150B2A0A2E1300365646 /* SFSymbolsCoordinator.swift */; };
		CB5715112A0A359900365646 /* SFSymbolsViewModel.swift in Sources */ = {isa = PBXBuildFile; fileRef = CB5715102A0A359900365646 /* SFSymbolsViewModel.swift */; };
		CB5715132A0A35F400365646 /* SFSymbolsModel.swift in Sources */ = {isa = PBXBuildFile; fileRef = CB5715122A0A35F400365646 /* SFSymbolsModel.swift */; };
		CB5715152A0A44B700365646 /* ButtonCornerStyleCase.swift in Sources */ = {isa = PBXBuildFile; fileRef = CB5715142A0A44B700365646 /* ButtonCornerStyleCase.swift */; };
		CB5715172A0A468600365646 /* ButtonImagePlacementCase.swift in Sources */ = {isa = PBXBuildFile; fileRef = CB5715162A0A468600365646 /* ButtonImagePlacementCase.swift */; };
		CB6613BF2A092B4800515AED /* LabelSettingListCellFactory.swift in Sources */ = {isa = PBXBuildFile; fileRef = CB6613BE2A092B4800515AED /* LabelSettingListCellFactory.swift */; };
		CB6613C12A093A6900515AED /* LabelNumberOfLinesCell.swift in Sources */ = {isa = PBXBuildFile; fileRef = CB6613C02A093A6900515AED /* LabelNumberOfLinesCell.swift */; };
		CB6613C32A093A9700515AED /* LabelNumberOfLinesCellConstants.swift in Sources */ = {isa = PBXBuildFile; fileRef = CB6613C22A093A9700515AED /* LabelNumberOfLinesCellConstants.swift */; };
		CB7CA7842A03B16C00574395 /* MainViewModel.swift in Sources */ = {isa = PBXBuildFile; fileRef = CB7CA7832A03B16C00574395 /* MainViewModel.swift */; };
		CB7CA7862A03B28000574395 /* MainModel.swift in Sources */ = {isa = PBXBuildFile; fileRef = CB7CA7852A03B28000574395 /* MainModel.swift */; };
		CB80B1CF29E5393600298F3C /* .swiftlint.yml in Resources */ = {isa = PBXBuildFile; fileRef = CB80B1CE29E5393600298F3C /* .swiftlint.yml */; };
		CB80B1D229E53AA200298F3C /* MainViewController.swift in Sources */ = {isa = PBXBuildFile; fileRef = CB80B1D129E53AA200298F3C /* MainViewController.swift */; };
		CB80B1D529E53B0000298F3C /* CoordinatorProtocol.swift in Sources */ = {isa = PBXBuildFile; fileRef = CB80B1D429E53B0000298F3C /* CoordinatorProtocol.swift */; };
		CB80B1D729E53B7B00298F3C /* MainCoordinator.swift in Sources */ = {isa = PBXBuildFile; fileRef = CB80B1D629E53B7B00298F3C /* MainCoordinator.swift */; };
		CB80B1DD29E53F3300298F3C /* MainViewControllerConstants.swift in Sources */ = {isa = PBXBuildFile; fileRef = CB80B1DC29E53F3300298F3C /* MainViewControllerConstants.swift */; };
		CB80B1F729E5468200298F3C /* ObjectListCell.swift in Sources */ = {isa = PBXBuildFile; fileRef = CB80B1F629E5468200298F3C /* ObjectListCell.swift */; };
		CBAAA2442A08CC8200773E0C /* ButtonViewController.swift in Sources */ = {isa = PBXBuildFile; fileRef = CBAAA2432A08CC8200773E0C /* ButtonViewController.swift */; };
		CBAAA2462A08CCB600773E0C /* ViewModelProtocol.swift in Sources */ = {isa = PBXBuildFile; fileRef = CBAAA2452A08CCB600773E0C /* ViewModelProtocol.swift */; };
		CBAAA2482A08CD4800773E0C /* Test.storyboard in Resources */ = {isa = PBXBuildFile; fileRef = CBAAA2472A08CD4800773E0C /* Test.storyboard */; };
		CBAAA24C2A08D26C00773E0C /* LabelFontSizeCell.swift in Sources */ = {isa = PBXBuildFile; fileRef = CBAAA24B2A08D26C00773E0C /* LabelFontSizeCell.swift */; };
		CBAAA2522A08D61900773E0C /* LabelTextCellConstants.swift in Sources */ = {isa = PBXBuildFile; fileRef = CBAAA2512A08D61900773E0C /* LabelTextCellConstants.swift */; };
		CBAAA2542A08D65400773E0C /* LabelColorCellConstants.swift in Sources */ = {isa = PBXBuildFile; fileRef = CBAAA2532A08D65400773E0C /* LabelColorCellConstants.swift */; };
		CBAAA2562A08D67E00773E0C /* LabelFontCellConstants.swift in Sources */ = {isa = PBXBuildFile; fileRef = CBAAA2552A08D67E00773E0C /* LabelFontCellConstants.swift */; };
		CBAAA2582A08D6A000773E0C /* LabelAlignmentCellConstants.swift in Sources */ = {isa = PBXBuildFile; fileRef = CBAAA2572A08D6A000773E0C /* LabelAlignmentCellConstants.swift */; };
		CBAAA25A2A08D6BF00773E0C /* LabelFontSizeCellConstants.swift in Sources */ = {isa = PBXBuildFile; fileRef = CBAAA2592A08D6BF00773E0C /* LabelFontSizeCellConstants.swift */; };
		CBAAA25E2A09108700773E0C /* BaseViewControllerConstants.swift in Sources */ = {isa = PBXBuildFile; fileRef = CBAAA25D2A09108700773E0C /* BaseViewControllerConstants.swift */; };
		CBC323832A0604DD00C5B6D1 /* ObjectListCellConstants.swift in Sources */ = {isa = PBXBuildFile; fileRef = CBC323822A0604DD00C5B6D1 /* ObjectListCellConstants.swift */; };
		CBC323972A06BF5100C5B6D1 /* ObjectSectionModel.swift in Sources */ = {isa = PBXBuildFile; fileRef = CBC323962A06BF5100C5B6D1 /* ObjectSectionModel.swift */; };
		CBC6073F29C1C733008B6BA9 /* UITableViewCellReigster.swift in Sources */ = {isa = PBXBuildFile; fileRef = CBC6073E29C1C733008B6BA9 /* UITableViewCellReigster.swift */; };
		CBC6074529C1D09D008B6BA9 /* Object.swift in Sources */ = {isa = PBXBuildFile; fileRef = CBC6074429C1D09D008B6BA9 /* Object.swift */; };
		CBC6074B29C1D28F008B6BA9 /* UITableViewHeaderFooterViewRegister.swift in Sources */ = {isa = PBXBuildFile; fileRef = CBC6074A29C1D28F008B6BA9 /* UITableViewHeaderFooterViewRegister.swift */; };
		CBD2FC7C2A0B6D73008033CF /* CodeViewCell.swift in Sources */ = {isa = PBXBuildFile; fileRef = CBD2FC7B2A0B6D73008033CF /* CodeViewCell.swift */; };
		CBD2FC7E2A0B6DBF008033CF /* CodeTextViewCellConstants.swift in Sources */ = {isa = PBXBuildFile; fileRef = CBD2FC7D2A0B6DBF008033CF /* CodeTextViewCellConstants.swift */; };
		CBDE6E1E29E54B170068BA0A /* LabelViewController.swift in Sources */ = {isa = PBXBuildFile; fileRef = CBDE6E1D29E54B170068BA0A /* LabelViewController.swift */; };
		CBDE6E2129E54B220068BA0A /* LabelPresenter.swift in Sources */ = {isa = PBXBuildFile; fileRef = CBDE6E2029E54B220068BA0A /* LabelPresenter.swift */; };
		CBDE6E6529E5599B0068BA0A /* LabelColorCell.swift in Sources */ = {isa = PBXBuildFile; fileRef = CBDE6E6429E5599B0068BA0A /* LabelColorCell.swift */; };
		CBF4396B29C1C014003E85B3 /* AppDelegate.swift in Sources */ = {isa = PBXBuildFile; fileRef = CBF4396A29C1C014003E85B3 /* AppDelegate.swift */; };
		CBF4396D29C1C014003E85B3 /* SceneDelegate.swift in Sources */ = {isa = PBXBuildFile; fileRef = CBF4396C29C1C014003E85B3 /* SceneDelegate.swift */; };
		CBF4397429C1C015003E85B3 /* Assets.xcassets in Resources */ = {isa = PBXBuildFile; fileRef = CBF4397329C1C015003E85B3 /* Assets.xcassets */; };
		CBF4397729C1C015003E85B3 /* LaunchScreen.storyboard in Resources */ = {isa = PBXBuildFile; fileRef = CBF4397529C1C015003E85B3 /* LaunchScreen.storyboard */; };
/* End PBXBuildFile section */

/* Begin PBXFileReference section */
		1F93BFF65E4CEB06C0BB4E1E /* Pods_iOS_UIKit.framework */ = {isa = PBXFileReference; explicitFileType = wrapper.framework; includeInIndex = 0; path = Pods_iOS_UIKit.framework; sourceTree = BUILT_PRODUCTS_DIR; };
		82DCA29C72000ECC48502CFC /* Pods-iOS UIKit.release.xcconfig */ = {isa = PBXFileReference; includeInIndex = 1; lastKnownFileType = text.xcconfig; name = "Pods-iOS UIKit.release.xcconfig"; path = "Target Support Files/Pods-iOS UIKit/Pods-iOS UIKit.release.xcconfig"; sourceTree = "<group>"; };
		AAB5714282B436375042CEEF /* Pods-iOS UIKit.debug.xcconfig */ = {isa = PBXFileReference; includeInIndex = 1; lastKnownFileType = text.xcconfig; name = "Pods-iOS UIKit.debug.xcconfig"; path = "Target Support Files/Pods-iOS UIKit/Pods-iOS UIKit.debug.xcconfig"; sourceTree = "<group>"; };
		CB11069929E6E229005FFC2D /* BaseViewController.swift */ = {isa = PBXFileReference; lastKnownFileType = sourcecode.swift; path = BaseViewController.swift; sourceTree = "<group>"; };
		CB33D35329E82EB500FDAAAF /* LabelViewModel.swift */ = {isa = PBXFileReference; lastKnownFileType = sourcecode.swift; path = LabelViewModel.swift; sourceTree = "<group>"; };
		CB33D35829E83A5400FDAAAF /* LabelAlignmentCell.swift */ = {isa = PBXFileReference; lastKnownFileType = sourcecode.swift; path = LabelAlignmentCell.swift; sourceTree = "<group>"; };
		CB33D35A29E8446D00FDAAAF /* ChildCoordinatorFactory.swift */ = {isa = PBXFileReference; lastKnownFileType = sourcecode.swift; path = ChildCoordinatorFactory.swift; sourceTree = "<group>"; };
		CB421FAB29E5A7F60014DC4F /* UISystemFontWeightCase.swift */ = {isa = PBXFileReference; lastKnownFileType = sourcecode.swift; path = UISystemFontWeightCase.swift; sourceTree = "<group>"; };
		CB421FAD29E5A8B50014DC4F /* AlignmentCase.swift */ = {isa = PBXFileReference; lastKnownFileType = sourcecode.swift; path = AlignmentCase.swift; sourceTree = "<group>"; };
		CB421FB329E5AA670014DC4F /* LabelFontCell.swift */ = {isa = PBXFileReference; lastKnownFileType = sourcecode.swift; path = LabelFontCell.swift; sourceTree = "<group>"; };
		CB421FB729E5ABAA0014DC4F /* LabelViewConstants.swift */ = {isa = PBXFileReference; lastKnownFileType = sourcecode.swift; path = LabelViewConstants.swift; sourceTree = "<group>"; };
		CB421FB929E5ADDC0014DC4F /* LabelColorCase.swift */ = {isa = PBXFileReference; lastKnownFileType = sourcecode.swift; path = LabelColorCase.swift; sourceTree = "<group>"; };
		CB421FBB29E5B2060014DC4F /* LabelListSectionCase.swift */ = {isa = PBXFileReference; lastKnownFileType = sourcecode.swift; path = LabelListSectionCase.swift; sourceTree = "<group>"; };
		CB421FC129E5B3180014DC4F /* LabelCoordinator.swift */ = {isa = PBXFileReference; lastKnownFileType = sourcecode.swift; path = LabelCoordinator.swift; sourceTree = "<group>"; };
		CB421FC629E5B8AD0014DC4F /* LabelTextCell.swift */ = {isa = PBXFileReference; lastKnownFileType = sourcecode.swift; path = LabelTextCell.swift; sourceTree = "<group>"; };
		CB5714D52A0A098F00365646 /* ButtonViewControllerConstants.swift */ = {isa = PBXFileReference; lastKnownFileType = sourcecode.swift; path = ButtonViewControllerConstants.swift; sourceTree = "<group>"; };
		CB5714E22A0A0E6D00365646 /* ButtonStyleCase.swift */ = {isa = PBXFileReference; lastKnownFileType = sourcecode.swift; path = ButtonStyleCase.swift; sourceTree = "<group>"; };
		CB5714E42A0A103900365646 /* ButtonTypeCase.swift */ = {isa = PBXFileReference; lastKnownFileType = sourcecode.swift; path = ButtonTypeCase.swift; sourceTree = "<group>"; };
		CB5714FE2A0A22D300365646 /* SFSymbolsViewController.swift */ = {isa = PBXFileReference; lastKnownFileType = sourcecode.swift; path = SFSymbolsViewController.swift; sourceTree = "<group>"; };
		CB5715022A0A232400365646 /* SFSymbolsViewControllerConstants.swift */ = {isa = PBXFileReference; lastKnownFileType = sourcecode.swift; path = SFSymbolsViewControllerConstants.swift; sourceTree = "<group>"; };
		CB5715042A0A2A5F00365646 /* UICollectionViewCellRegister.swift */ = {isa = PBXFileReference; lastKnownFileType = sourcecode.swift; path = UICollectionViewCellRegister.swift; sourceTree = "<group>"; };
		CB5715062A0A2A7E00365646 /* SFSymbolsCollectionViewCell.swift */ = {isa = PBXFileReference; lastKnownFileType = sourcecode.swift; path = SFSymbolsCollectionViewCell.swift; sourceTree = "<group>"; };
		CB5715092A0A2AC300365646 /* SFSymbolsCollectionViewCellConstants.swift */ = {isa = PBXFileReference; lastKnownFileType = sourcecode.swift; path = SFSymbolsCollectionViewCellConstants.swift; sourceTree = "<group>"; };
		CB57150B2A0A2E1300365646 /* SFSymbolsCoordinator.swift */ = {isa = PBXFileReference; lastKnownFileType = sourcecode.swift; path = SFSymbolsCoordinator.swift; sourceTree = "<group>"; };
		CB5715102A0A359900365646 /* SFSymbolsViewModel.swift */ = {isa = PBXFileReference; lastKnownFileType = sourcecode.swift; path = SFSymbolsViewModel.swift; sourceTree = "<group>"; };
		CB5715122A0A35F400365646 /* SFSymbolsModel.swift */ = {isa = PBXFileReference; lastKnownFileType = sourcecode.swift; path = SFSymbolsModel.swift; sourceTree = "<group>"; };
		CB5715142A0A44B700365646 /* ButtonCornerStyleCase.swift */ = {isa = PBXFileReference; lastKnownFileType = sourcecode.swift; path = ButtonCornerStyleCase.swift; sourceTree = "<group>"; };
		CB5715162A0A468600365646 /* ButtonImagePlacementCase.swift */ = {isa = PBXFileReference; lastKnownFileType = sourcecode.swift; path = ButtonImagePlacementCase.swift; sourceTree = "<group>"; };
		CB6613BE2A092B4800515AED /* LabelSettingListCellFactory.swift */ = {isa = PBXFileReference; lastKnownFileType = sourcecode.swift; path = LabelSettingListCellFactory.swift; sourceTree = "<group>"; };
		CB6613C02A093A6900515AED /* LabelNumberOfLinesCell.swift */ = {isa = PBXFileReference; lastKnownFileType = sourcecode.swift; path = LabelNumberOfLinesCell.swift; sourceTree = "<group>"; };
		CB6613C22A093A9700515AED /* LabelNumberOfLinesCellConstants.swift */ = {isa = PBXFileReference; lastKnownFileType = sourcecode.swift; path = LabelNumberOfLinesCellConstants.swift; sourceTree = "<group>"; };
		CB7CA7832A03B16C00574395 /* MainViewModel.swift */ = {isa = PBXFileReference; lastKnownFileType = sourcecode.swift; path = MainViewModel.swift; sourceTree = "<group>"; };
		CB7CA7852A03B28000574395 /* MainModel.swift */ = {isa = PBXFileReference; lastKnownFileType = sourcecode.swift; path = MainModel.swift; sourceTree = "<group>"; };
		CB80B1CE29E5393600298F3C /* .swiftlint.yml */ = {isa = PBXFileReference; lastKnownFileType = text.yaml; path = .swiftlint.yml; sourceTree = "<group>"; };
		CB80B1D129E53AA200298F3C /* MainViewController.swift */ = {isa = PBXFileReference; lastKnownFileType = sourcecode.swift; path = MainViewController.swift; sourceTree = "<group>"; };
		CB80B1D429E53B0000298F3C /* CoordinatorProtocol.swift */ = {isa = PBXFileReference; lastKnownFileType = sourcecode.swift; path = CoordinatorProtocol.swift; sourceTree = "<group>"; };
		CB80B1D629E53B7B00298F3C /* MainCoordinator.swift */ = {isa = PBXFileReference; lastKnownFileType = sourcecode.swift; path = MainCoordinator.swift; sourceTree = "<group>"; };
		CB80B1DC29E53F3300298F3C /* MainViewControllerConstants.swift */ = {isa = PBXFileReference; lastKnownFileType = sourcecode.swift; path = MainViewControllerConstants.swift; sourceTree = "<group>"; };
		CB80B1F629E5468200298F3C /* ObjectListCell.swift */ = {isa = PBXFileReference; lastKnownFileType = sourcecode.swift; path = ObjectListCell.swift; sourceTree = "<group>"; };
		CBAAA2432A08CC8200773E0C /* ButtonViewController.swift */ = {isa = PBXFileReference; lastKnownFileType = sourcecode.swift; path = ButtonViewController.swift; sourceTree = "<group>"; };
		CBAAA2452A08CCB600773E0C /* ViewModelProtocol.swift */ = {isa = PBXFileReference; lastKnownFileType = sourcecode.swift; path = ViewModelProtocol.swift; sourceTree = "<group>"; };
		CBAAA2472A08CD4800773E0C /* Test.storyboard */ = {isa = PBXFileReference; lastKnownFileType = file.storyboard; path = Test.storyboard; sourceTree = "<group>"; };
		CBAAA24B2A08D26C00773E0C /* LabelFontSizeCell.swift */ = {isa = PBXFileReference; lastKnownFileType = sourcecode.swift; path = LabelFontSizeCell.swift; sourceTree = "<group>"; };
		CBAAA2512A08D61900773E0C /* LabelTextCellConstants.swift */ = {isa = PBXFileReference; lastKnownFileType = sourcecode.swift; path = LabelTextCellConstants.swift; sourceTree = "<group>"; };
		CBAAA2532A08D65400773E0C /* LabelColorCellConstants.swift */ = {isa = PBXFileReference; lastKnownFileType = sourcecode.swift; path = LabelColorCellConstants.swift; sourceTree = "<group>"; };
		CBAAA2552A08D67E00773E0C /* LabelFontCellConstants.swift */ = {isa = PBXFileReference; lastKnownFileType = sourcecode.swift; path = LabelFontCellConstants.swift; sourceTree = "<group>"; };
		CBAAA2572A08D6A000773E0C /* LabelAlignmentCellConstants.swift */ = {isa = PBXFileReference; lastKnownFileType = sourcecode.swift; path = LabelAlignmentCellConstants.swift; sourceTree = "<group>"; };
		CBAAA2592A08D6BF00773E0C /* LabelFontSizeCellConstants.swift */ = {isa = PBXFileReference; lastKnownFileType = sourcecode.swift; path = LabelFontSizeCellConstants.swift; sourceTree = "<group>"; };
		CBAAA25D2A09108700773E0C /* BaseViewControllerConstants.swift */ = {isa = PBXFileReference; lastKnownFileType = sourcecode.swift; path = BaseViewControllerConstants.swift; sourceTree = "<group>"; };
		CBC323822A0604DD00C5B6D1 /* ObjectListCellConstants.swift */ = {isa = PBXFileReference; lastKnownFileType = sourcecode.swift; path = ObjectListCellConstants.swift; sourceTree = "<group>"; };
		CBC323962A06BF5100C5B6D1 /* ObjectSectionModel.swift */ = {isa = PBXFileReference; lastKnownFileType = sourcecode.swift; path = ObjectSectionModel.swift; sourceTree = "<group>"; };
		CBC6073E29C1C733008B6BA9 /* UITableViewCellReigster.swift */ = {isa = PBXFileReference; lastKnownFileType = sourcecode.swift; path = UITableViewCellReigster.swift; sourceTree = "<group>"; };
		CBC6074429C1D09D008B6BA9 /* Object.swift */ = {isa = PBXFileReference; lastKnownFileType = sourcecode.swift; path = Object.swift; sourceTree = "<group>"; };
		CBC6074A29C1D28F008B6BA9 /* UITableViewHeaderFooterViewRegister.swift */ = {isa = PBXFileReference; lastKnownFileType = sourcecode.swift; path = UITableViewHeaderFooterViewRegister.swift; sourceTree = "<group>"; };
		CBD2FC7B2A0B6D73008033CF /* CodeViewCell.swift */ = {isa = PBXFileReference; lastKnownFileType = sourcecode.swift; path = CodeViewCell.swift; sourceTree = "<group>"; };
		CBD2FC7D2A0B6DBF008033CF /* CodeTextViewCellConstants.swift */ = {isa = PBXFileReference; lastKnownFileType = sourcecode.swift; path = CodeTextViewCellConstants.swift; sourceTree = "<group>"; };
		CBDE6E1D29E54B170068BA0A /* LabelViewController.swift */ = {isa = PBXFileReference; lastKnownFileType = sourcecode.swift; path = LabelViewController.swift; sourceTree = "<group>"; };
		CBDE6E2029E54B220068BA0A /* LabelPresenter.swift */ = {isa = PBXFileReference; lastKnownFileType = sourcecode.swift; path = LabelPresenter.swift; sourceTree = "<group>"; };
		CBDE6E6429E5599B0068BA0A /* LabelColorCell.swift */ = {isa = PBXFileReference; lastKnownFileType = sourcecode.swift; path = LabelColorCell.swift; sourceTree = "<group>"; };
		CBF4396A29C1C014003E85B3 /* AppDelegate.swift */ = {isa = PBXFileReference; lastKnownFileType = sourcecode.swift; path = AppDelegate.swift; sourceTree = "<group>"; };
		CBF4396C29C1C014003E85B3 /* SceneDelegate.swift */ = {isa = PBXFileReference; lastKnownFileType = sourcecode.swift; path = SceneDelegate.swift; sourceTree = "<group>"; };
		CBF4397329C1C015003E85B3 /* Assets.xcassets */ = {isa = PBXFileReference; lastKnownFileType = folder.assetcatalog; path = Assets.xcassets; sourceTree = "<group>"; };
		CBF4397629C1C015003E85B3 /* Base */ = {isa = PBXFileReference; lastKnownFileType = file.storyboard; name = Base; path = Base.lproj/LaunchScreen.storyboard; sourceTree = "<group>"; };
		CBF4397829C1C015003E85B3 /* Info.plist */ = {isa = PBXFileReference; lastKnownFileType = text.plist.xml; path = Info.plist; sourceTree = "<group>"; };
		CBF4D51B29E818830099A698 /* iOS UIKit.app */ = {isa = PBXFileReference; explicitFileType = wrapper.application; includeInIndex = 0; path = "iOS UIKit.app"; sourceTree = BUILT_PRODUCTS_DIR; };
/* End PBXFileReference section */

/* Begin PBXFrameworksBuildPhase section */
		CBF4396429C1C014003E85B3 /* Frameworks */ = {
			isa = PBXFrameworksBuildPhase;
			buildActionMask = 2147483647;
			files = (
				43413F146E412DBD232595C2 /* Pods_iOS_UIKit.framework in Frameworks */,
			);
			runOnlyForDeploymentPostprocessing = 0;
		};
/* End PBXFrameworksBuildPhase section */

/* Begin PBXGroup section */
		236C849C1287FCEEFA236D41 /* Frameworks */ = {
			isa = PBXGroup;
			children = (
				1F93BFF65E4CEB06C0BB4E1E /* Pods_iOS_UIKit.framework */,
			);
			name = Frameworks;
			sourceTree = "<group>";
		};
		7BBA19F9CA92FA1005E33D36 /* Pods */ = {
			isa = PBXGroup;
			children = (
				AAB5714282B436375042CEEF /* Pods-iOS UIKit.debug.xcconfig */,
				82DCA29C72000ECC48502CFC /* Pods-iOS UIKit.release.xcconfig */,
			);
			path = Pods;
			sourceTree = "<group>";
		};
		CB33D35729E839C800FDAAAF /* LabelSettingListCell */ = {
			isa = PBXGroup;
			children = (
				CB421FC629E5B8AD0014DC4F /* LabelTextCell.swift */,
				CBDE6E6429E5599B0068BA0A /* LabelColorCell.swift */,
				CB421FB329E5AA670014DC4F /* LabelFontCell.swift */,
				CBAAA24B2A08D26C00773E0C /* LabelFontSizeCell.swift */,
				CB33D35829E83A5400FDAAAF /* LabelAlignmentCell.swift */,
				CB6613C02A093A6900515AED /* LabelNumberOfLinesCell.swift */,
			);
			path = LabelSettingListCell;
			sourceTree = "<group>";
		};
		CB421FAF29E5A8E30014DC4F /* Case */ = {
			isa = PBXGroup;
			children = (
				CB5714DD2A0A0D0D00365646 /* LabelViewController */,
				CB5714E12A0A0DAD00365646 /* ButtonViewController */,
			);
			path = Case;
			sourceTree = "<group>";
		};
		CB421FB129E5A9040014DC4F /* Object */ = {
			isa = PBXGroup;
			children = (
				CBC6074429C1D09D008B6BA9 /* Object.swift */,
				CBC323962A06BF5100C5B6D1 /* ObjectSectionModel.swift */,
			);
			path = Object;
			sourceTree = "<group>";
		};
		CB421FBF29E5B2360014DC4F /* Constants */ = {
			isa = PBXGroup;
			children = (
				CBD2FC802A0B6EB4008033CF /* CodeViewCell */,
				CBAAA25D2A09108700773E0C /* BaseViewControllerConstants.swift */,
				CBAAA24D2A08D5D300773E0C /* MainViewController */,
				CBAAA24E2A08D5DB00773E0C /* LabelViewController */,
				CB5714D42A0A097800365646 /* ButtonViewController */,
				CB5715002A0A22F700365646 /* SFSymbolsViewController */,
			);
			path = Constants;
			sourceTree = "<group>";
		};
		CB5714D42A0A097800365646 /* ButtonViewController */ = {
			isa = PBXGroup;
			children = (
				CB5714D52A0A098F00365646 /* ButtonViewControllerConstants.swift */,
			);
			path = ButtonViewController;
			sourceTree = "<group>";
		};
		CB5714DD2A0A0D0D00365646 /* LabelViewController */ = {
			isa = PBXGroup;
			children = (
				CB421FBB29E5B2060014DC4F /* LabelListSectionCase.swift */,
				CB421FB929E5ADDC0014DC4F /* LabelColorCase.swift */,
				CB421FAB29E5A7F60014DC4F /* UISystemFontWeightCase.swift */,
				CB421FAD29E5A8B50014DC4F /* AlignmentCase.swift */,
			);
			path = LabelViewController;
			sourceTree = "<group>";
		};
		CB5714E12A0A0DAD00365646 /* ButtonViewController */ = {
			isa = PBXGroup;
			children = (
				CB5714E22A0A0E6D00365646 /* ButtonStyleCase.swift */,
				CB5714E42A0A103900365646 /* ButtonTypeCase.swift */,
				CB5715142A0A44B700365646 /* ButtonCornerStyleCase.swift */,
				CB5715162A0A468600365646 /* ButtonImagePlacementCase.swift */,
			);
			path = ButtonViewController;
			sourceTree = "<group>";
		};
		CB5714FD2A0A22BC00365646 /* SFSymbolsController */ = {
			isa = PBXGroup;
			children = (
				CB57150B2A0A2E1300365646 /* SFSymbolsCoordinator.swift */,
				CB5714FE2A0A22D300365646 /* SFSymbolsViewController.swift */,
				CB5715102A0A359900365646 /* SFSymbolsViewModel.swift */,
				CB5715122A0A35F400365646 /* SFSymbolsModel.swift */,
				CB5715082A0A2A8500365646 /* SFSymbolsCollectionViewCell */,
			);
			path = SFSymbolsController;
			sourceTree = "<group>";
		};
		CB5715002A0A22F700365646 /* SFSymbolsViewController */ = {
			isa = PBXGroup;
			children = (
				CB5715022A0A232400365646 /* SFSymbolsViewControllerConstants.swift */,
				CB5715092A0A2AC300365646 /* SFSymbolsCollectionViewCellConstants.swift */,
			);
			path = SFSymbolsViewController;
			sourceTree = "<group>";
		};
		CB5715082A0A2A8500365646 /* SFSymbolsCollectionViewCell */ = {
			isa = PBXGroup;
			children = (
				CB5715062A0A2A7E00365646 /* SFSymbolsCollectionViewCell.swift */,
			);
			path = SFSymbolsCollectionViewCell;
			sourceTree = "<group>";
		};
		CB80B1D029E53A8D00298F3C /* Presentations */ = {
			isa = PBXGroup;
			children = (
				CB33D35A29E8446D00FDAAAF /* ChildCoordinatorFactory.swift */,
				CBD2FC7F2A0B6E2D008033CF /* CodeViewCell */,
				CB80B1D329E53AA700298F3C /* MainViewController */,
				CBDE6E1C29E54B0A0068BA0A /* LabelViewcontroller */,
				CBAAA2422A08CC6C00773E0C /* ButtonViewController */,
				CB5714FD2A0A22BC00365646 /* SFSymbolsController */,
			);
			path = Presentations;
			sourceTree = "<group>";
		};
		CB80B1D329E53AA700298F3C /* MainViewController */ = {
			isa = PBXGroup;
			children = (
				CB80B1D629E53B7B00298F3C /* MainCoordinator.swift */,
				CB80B1D129E53AA200298F3C /* MainViewController.swift */,
				CB7CA7832A03B16C00574395 /* MainViewModel.swift */,
				CB7CA7852A03B28000574395 /* MainModel.swift */,
				CBC323802A0604BE00C5B6D1 /* ObjectListCell */,
			);
			path = MainViewController;
			sourceTree = "<group>";
		};
		CBAAA2422A08CC6C00773E0C /* ButtonViewController */ = {
			isa = PBXGroup;
			children = (
				CBAAA2432A08CC8200773E0C /* ButtonViewController.swift */,
			);
			path = ButtonViewController;
			sourceTree = "<group>";
		};
		CBAAA24D2A08D5D300773E0C /* MainViewController */ = {
			isa = PBXGroup;
			children = (
				CB80B1DC29E53F3300298F3C /* MainViewControllerConstants.swift */,
				CBAAA24F2A08D5EB00773E0C /* ObjectListCell */,
			);
			path = MainViewController;
			sourceTree = "<group>";
		};
		CBAAA24E2A08D5DB00773E0C /* LabelViewController */ = {
			isa = PBXGroup;
			children = (
				CB421FB729E5ABAA0014DC4F /* LabelViewConstants.swift */,
				CBAAA2502A08D60900773E0C /* LabelSettingListCell */,
			);
			path = LabelViewController;
			sourceTree = "<group>";
		};
		CBAAA24F2A08D5EB00773E0C /* ObjectListCell */ = {
			isa = PBXGroup;
			children = (
				CBC323822A0604DD00C5B6D1 /* ObjectListCellConstants.swift */,
			);
			path = ObjectListCell;
			sourceTree = "<group>";
		};
		CBAAA2502A08D60900773E0C /* LabelSettingListCell */ = {
			isa = PBXGroup;
			children = (
				CBAAA2512A08D61900773E0C /* LabelTextCellConstants.swift */,
				CBAAA2532A08D65400773E0C /* LabelColorCellConstants.swift */,
				CBAAA2552A08D67E00773E0C /* LabelFontCellConstants.swift */,
				CBAAA2592A08D6BF00773E0C /* LabelFontSizeCellConstants.swift */,
				CBAAA2572A08D6A000773E0C /* LabelAlignmentCellConstants.swift */,
				CB6613C22A093A9700515AED /* LabelNumberOfLinesCellConstants.swift */,
			);
			path = LabelSettingListCell;
			sourceTree = "<group>";
		};
		CBC323802A0604BE00C5B6D1 /* ObjectListCell */ = {
			isa = PBXGroup;
			children = (
				CB80B1F629E5468200298F3C /* ObjectListCell.swift */,
			);
			path = ObjectListCell;
			sourceTree = "<group>";
		};
		CBC6073D29C1C71F008B6BA9 /* Protocols */ = {
			isa = PBXGroup;
			children = (
				CBC6073E29C1C733008B6BA9 /* UITableViewCellReigster.swift */,
				CBC6074A29C1D28F008B6BA9 /* UITableViewHeaderFooterViewRegister.swift */,
				CB80B1D429E53B0000298F3C /* CoordinatorProtocol.swift */,
				CB11069929E6E229005FFC2D /* BaseViewController.swift */,
				CBAAA2452A08CCB600773E0C /* ViewModelProtocol.swift */,
				CB5715042A0A2A5F00365646 /* UICollectionViewCellRegister.swift */,
			);
			path = Protocols;
			sourceTree = "<group>";
		};
		CBD2FC7F2A0B6E2D008033CF /* CodeViewCell */ = {
			isa = PBXGroup;
			children = (
				CBD2FC7B2A0B6D73008033CF /* CodeViewCell.swift */,
			);
			path = CodeViewCell;
			sourceTree = "<group>";
		};
		CBD2FC802A0B6EB4008033CF /* CodeViewCell */ = {
			isa = PBXGroup;
			children = (
				CBD2FC7D2A0B6DBF008033CF /* CodeTextViewCellConstants.swift */,
			);
			path = CodeViewCell;
			sourceTree = "<group>";
		};
		CBDE6E1C29E54B0A0068BA0A /* LabelViewcontroller */ = {
			isa = PBXGroup;
			children = (
				CB421FC129E5B3180014DC4F /* LabelCoordinator.swift */,
				CBDE6E2029E54B220068BA0A /* LabelPresenter.swift */,
				CBDE6E1D29E54B170068BA0A /* LabelViewController.swift */,
				CB33D35329E82EB500FDAAAF /* LabelViewModel.swift */,
				CB6613BE2A092B4800515AED /* LabelSettingListCellFactory.swift */,
				CB33D35729E839C800FDAAAF /* LabelSettingListCell */,
			);
			path = LabelViewcontroller;
			sourceTree = "<group>";
		};
		CBF4395E29C1C014003E85B3 = {
			isa = PBXGroup;
			children = (
				CB80B1CE29E5393600298F3C /* .swiftlint.yml */,
				CBF4D51B29E818830099A698 /* iOS UIKit.app */,
				CBF4396929C1C014003E85B3 /* iOS UIKit */,
				7BBA19F9CA92FA1005E33D36 /* Pods */,
				236C849C1287FCEEFA236D41 /* Frameworks */,
			);
			sourceTree = "<group>";
		};
		CBF4396929C1C014003E85B3 /* iOS UIKit */ = {
			isa = PBXGroup;
			children = (
				CBF4396A29C1C014003E85B3 /* AppDelegate.swift */,
				CBF4396C29C1C014003E85B3 /* SceneDelegate.swift */,
				CBC6073D29C1C71F008B6BA9 /* Protocols */,
				CBF4397F29C1C0FF003E85B3 /* Entitys */,
				CB80B1D029E53A8D00298F3C /* Presentations */,
				CBF4397529C1C015003E85B3 /* LaunchScreen.storyboard */,
				CBAAA2472A08CD4800773E0C /* Test.storyboard */,
				CBF4397329C1C015003E85B3 /* Assets.xcassets */,
				CBF4397829C1C015003E85B3 /* Info.plist */,
			);
			path = "iOS UIKit";
			sourceTree = "<group>";
		};
		CBF4397F29C1C0FF003E85B3 /* Entitys */ = {
			isa = PBXGroup;
			children = (
				CB421FB129E5A9040014DC4F /* Object */,
				CB421FBF29E5B2360014DC4F /* Constants */,
				CB421FAF29E5A8E30014DC4F /* Case */,
			);
			path = Entitys;
			sourceTree = "<group>";
		};
/* End PBXGroup section */

/* Begin PBXNativeTarget section */
		CBF4396629C1C014003E85B3 /* iOS UIKit */ = {
			isa = PBXNativeTarget;
			buildConfigurationList = CBF4397B29C1C015003E85B3 /* Build configuration list for PBXNativeTarget "iOS UIKit" */;
			buildPhases = (
				A554040C553CF1E54657D43B /* [CP] Check Pods Manifest.lock */,
				CBF4396329C1C014003E85B3 /* Sources */,
				CBF4396429C1C014003E85B3 /* Frameworks */,
				CBF4396529C1C014003E85B3 /* Resources */,
				CB73DC742A087E3E0011CAFF /* ShellScript */,
				54ECC583C41689C54C12200F /* [CP] Embed Pods Frameworks */,
			);
			buildRules = (
			);
			dependencies = (
			);
			name = "iOS UIKit";
			productName = "UI-iOS";
			productReference = CBF4D51B29E818830099A698 /* iOS UIKit.app */;
			productType = "com.apple.product-type.application";
		};
/* End PBXNativeTarget section */

/* Begin PBXProject section */
		CBF4395F29C1C014003E85B3 /* Project object */ = {
			isa = PBXProject;
			attributes = {
				BuildIndependentTargetsInParallel = 1;
				LastSwiftUpdateCheck = 1420;
				LastUpgradeCheck = 1420;
				TargetAttributes = {
					CBF4396629C1C014003E85B3 = {
						CreatedOnToolsVersion = 14.2;
					};
				};
			};
			buildConfigurationList = CBF4396229C1C014003E85B3 /* Build configuration list for PBXProject "iOS UIKit" */;
			compatibilityVersion = "Xcode 14.0";
			developmentRegion = en;
			hasScannedForEncodings = 0;
			knownRegions = (
				en,
				Base,
			);
			mainGroup = CBF4395E29C1C014003E85B3;
			productRefGroup = CBF4395E29C1C014003E85B3;
			projectDirPath = "";
			projectRoot = "";
			targets = (
				CBF4396629C1C014003E85B3 /* iOS UIKit */,
			);
		};
/* End PBXProject section */

/* Begin PBXResourcesBuildPhase section */
		CBF4396529C1C014003E85B3 /* Resources */ = {
			isa = PBXResourcesBuildPhase;
			buildActionMask = 2147483647;
			files = (
				CB80B1CF29E5393600298F3C /* .swiftlint.yml in Resources */,
				CBF4397729C1C015003E85B3 /* LaunchScreen.storyboard in Resources */,
				CBAAA2482A08CD4800773E0C /* Test.storyboard in Resources */,
				CBF4397429C1C015003E85B3 /* Assets.xcassets in Resources */,
			);
			runOnlyForDeploymentPostprocessing = 0;
		};
/* End PBXResourcesBuildPhase section */

/* Begin PBXShellScriptBuildPhase section */
		54ECC583C41689C54C12200F /* [CP] Embed Pods Frameworks */ = {
			isa = PBXShellScriptBuildPhase;
			buildActionMask = 2147483647;
			files = (
			);
			inputFileListPaths = (
				"${PODS_ROOT}/Target Support Files/Pods-iOS UIKit/Pods-iOS UIKit-frameworks-${CONFIGURATION}-input-files.xcfilelist",
			);
			name = "[CP] Embed Pods Frameworks";
			outputFileListPaths = (
				"${PODS_ROOT}/Target Support Files/Pods-iOS UIKit/Pods-iOS UIKit-frameworks-${CONFIGURATION}-output-files.xcfilelist",
			);
			runOnlyForDeploymentPostprocessing = 0;
			shellPath = /bin/sh;
			shellScript = "\"${PODS_ROOT}/Target Support Files/Pods-iOS UIKit/Pods-iOS UIKit-frameworks.sh\"\n";
			showEnvVarsInLog = 0;
		};
		A554040C553CF1E54657D43B /* [CP] Check Pods Manifest.lock */ = {
			isa = PBXShellScriptBuildPhase;
			buildActionMask = 2147483647;
			files = (
			);
			inputFileListPaths = (
			);
			inputPaths = (
				"${PODS_PODFILE_DIR_PATH}/Podfile.lock",
				"${PODS_ROOT}/Manifest.lock",
			);
			name = "[CP] Check Pods Manifest.lock";
			outputFileListPaths = (
			);
			outputPaths = (
				"$(DERIVED_FILE_DIR)/Pods-iOS UIKit-checkManifestLockResult.txt",
			);
			runOnlyForDeploymentPostprocessing = 0;
			shellPath = /bin/sh;
			shellScript = "diff \"${PODS_PODFILE_DIR_PATH}/Podfile.lock\" \"${PODS_ROOT}/Manifest.lock\" > /dev/null\nif [ $? != 0 ] ; then\n    # print error to STDERR\n    echo \"error: The sandbox is not in sync with the Podfile.lock. Run 'pod install' or update your CocoaPods installation.\" >&2\n    exit 1\nfi\n# This output is used by Xcode 'outputs' to avoid re-running this script phase.\necho \"SUCCESS\" > \"${SCRIPT_OUTPUT_FILE_0}\"\n";
			showEnvVarsInLog = 0;
		};
		CB73DC742A087E3E0011CAFF /* ShellScript */ = {
			isa = PBXShellScriptBuildPhase;
			alwaysOutOfDate = 1;
			buildActionMask = 2147483647;
			files = (
			);
			inputFileListPaths = (
			);
			inputPaths = (
			);
			outputFileListPaths = (
			);
			outputPaths = (
			);
			runOnlyForDeploymentPostprocessing = 0;
			shellPath = /bin/sh;
			shellScript = "export PATH=\"$PATH:/opt/homebrew/bin\"\nif which swiftlint > /dev/null; then\n  swiftlint\nelse\n  echo \"warning: SwiftLint not installed, download from https://github.com/realm/SwiftLint\"\nfi\n";
		};
/* End PBXShellScriptBuildPhase section */

/* Begin PBXSourcesBuildPhase section */
		CBF4396329C1C014003E85B3 /* Sources */ = {
			isa = PBXSourcesBuildPhase;
			buildActionMask = 2147483647;
			files = (
				CB421FBA29E5ADDC0014DC4F /* LabelColorCase.swift in Sources */,
				CB421FB429E5AA670014DC4F /* LabelFontCell.swift in Sources */,
				CBD2FC7E2A0B6DBF008033CF /* CodeTextViewCellConstants.swift in Sources */,
				CBC6073F29C1C733008B6BA9 /* UITableViewCellReigster.swift in Sources */,
				CBC323972A06BF5100C5B6D1 /* ObjectSectionModel.swift in Sources */,
				CB11069A29E6E229005FFC2D /* BaseViewController.swift in Sources */,
				CB421FC729E5B8AD0014DC4F /* LabelTextCell.swift in Sources */,
				CBF4396B29C1C014003E85B3 /* AppDelegate.swift in Sources */,
				CB5715072A0A2A7E00365646 /* SFSymbolsCollectionViewCell.swift in Sources */,
				CB7CA7862A03B28000574395 /* MainModel.swift in Sources */,
				CB5715132A0A35F400365646 /* SFSymbolsModel.swift in Sources */,
				CB5715112A0A359900365646 /* SFSymbolsViewModel.swift in Sources */,
				CBAAA2462A08CCB600773E0C /* ViewModelProtocol.swift in Sources */,
				CB5714E52A0A103900365646 /* ButtonTypeCase.swift in Sources */,
				CB7CA7842A03B16C00574395 /* MainViewModel.swift in Sources */,
				CB6613BF2A092B4800515AED /* LabelSettingListCellFactory.swift in Sources */,
				CB421FAC29E5A7F60014DC4F /* UISystemFontWeightCase.swift in Sources */,
				CB5715152A0A44B700365646 /* ButtonCornerStyleCase.swift in Sources */,
				CBC6074529C1D09D008B6BA9 /* Object.swift in Sources */,
				CB80B1D729E53B7B00298F3C /* MainCoordinator.swift in Sources */,
				CB5715032A0A232400365646 /* SFSymbolsViewControllerConstants.swift in Sources */,
				CB6613C32A093A9700515AED /* LabelNumberOfLinesCellConstants.swift in Sources */,
				CB33D35429E82EB600FDAAAF /* LabelViewModel.swift in Sources */,
				CB57150A2A0A2AC300365646 /* SFSymbolsCollectionViewCellConstants.swift in Sources */,
				CB5715172A0A468600365646 /* ButtonImagePlacementCase.swift in Sources */,
				CBC6074B29C1D28F008B6BA9 /* UITableViewHeaderFooterViewRegister.swift in Sources */,
				CB57150C2A0A2E1300365646 /* SFSymbolsCoordinator.swift in Sources */,
				CB5715052A0A2A5F00365646 /* UICollectionViewCellRegister.swift in Sources */,
				CBD2FC7C2A0B6D73008033CF /* CodeViewCell.swift in Sources */,
				CB80B1F729E5468200298F3C /* ObjectListCell.swift in Sources */,
				CB421FAE29E5A8B50014DC4F /* AlignmentCase.swift in Sources */,
				CB80B1DD29E53F3300298F3C /* MainViewControllerConstants.swift in Sources */,
				CBAAA2582A08D6A000773E0C /* LabelAlignmentCellConstants.swift in Sources */,
				CB80B1D229E53AA200298F3C /* MainViewController.swift in Sources */,
				CBDE6E6529E5599B0068BA0A /* LabelColorCell.swift in Sources */,
				CBAAA2542A08D65400773E0C /* LabelColorCellConstants.swift in Sources */,
				CBF4396D29C1C014003E85B3 /* SceneDelegate.swift in Sources */,
				CB5714E32A0A0E6D00365646 /* ButtonStyleCase.swift in Sources */,
				CBC323832A0604DD00C5B6D1 /* ObjectListCellConstants.swift in Sources */,
				CBAAA2562A08D67E00773E0C /* LabelFontCellConstants.swift in Sources */,
				CB6613C12A093A6900515AED /* LabelNumberOfLinesCell.swift in Sources */,
				CB33D35929E83A5400FDAAAF /* LabelAlignmentCell.swift in Sources */,
				CB421FBC29E5B2060014DC4F /* LabelListSectionCase.swift in Sources */,
				CBAAA25E2A09108700773E0C /* BaseViewControllerConstants.swift in Sources */,
				CB421FB829E5ABAA0014DC4F /* LabelViewConstants.swift in Sources */,
				CBAAA25A2A08D6BF00773E0C /* LabelFontSizeCellConstants.swift in Sources */,
				CB33D35B29E8446D00FDAAAF /* ChildCoordinatorFactory.swift in Sources */,
				CBDE6E1E29E54B170068BA0A /* LabelViewController.swift in Sources */,
				CB80B1D529E53B0000298F3C /* CoordinatorProtocol.swift in Sources */,
				CBAAA24C2A08D26C00773E0C /* LabelFontSizeCell.swift in Sources */,
				CB421FC229E5B3180014DC4F /* LabelCoordinator.swift in Sources */,
				CB5714D62A0A098F00365646 /* ButtonViewControllerConstants.swift in Sources */,
				CBAAA2442A08CC8200773E0C /* ButtonViewController.swift in Sources */,
				CBDE6E2129E54B220068BA0A /* LabelPresenter.swift in Sources */,
				CBAAA2522A08D61900773E0C /* LabelTextCellConstants.swift in Sources */,
				CB5714FF2A0A22D300365646 /* SFSymbolsViewController.swift in Sources */,
			);
			runOnlyForDeploymentPostprocessing = 0;
		};
/* End PBXSourcesBuildPhase section */

/* Begin PBXVariantGroup section */
		CBF4397529C1C015003E85B3 /* LaunchScreen.storyboard */ = {
			isa = PBXVariantGroup;
			children = (
				CBF4397629C1C015003E85B3 /* Base */,
			);
			name = LaunchScreen.storyboard;
			sourceTree = "<group>";
		};
/* End PBXVariantGroup section */

/* Begin XCBuildConfiguration section */
		CBF4397929C1C015003E85B3 /* Debug */ = {
			isa = XCBuildConfiguration;
			buildSettings = {
				ALWAYS_SEARCH_USER_PATHS = NO;
				CLANG_ANALYZER_NONNULL = YES;
				CLANG_ANALYZER_NUMBER_OBJECT_CONVERSION = YES_AGGRESSIVE;
				CLANG_CXX_LANGUAGE_STANDARD = "gnu++20";
				CLANG_ENABLE_MODULES = YES;
				CLANG_ENABLE_OBJC_ARC = YES;
				CLANG_ENABLE_OBJC_WEAK = YES;
				CLANG_WARN_BLOCK_CAPTURE_AUTORELEASING = YES;
				CLANG_WARN_BOOL_CONVERSION = YES;
				CLANG_WARN_COMMA = YES;
				CLANG_WARN_CONSTANT_CONVERSION = YES;
				CLANG_WARN_DEPRECATED_OBJC_IMPLEMENTATIONS = YES;
				CLANG_WARN_DIRECT_OBJC_ISA_USAGE = YES_ERROR;
				CLANG_WARN_DOCUMENTATION_COMMENTS = YES;
				CLANG_WARN_EMPTY_BODY = YES;
				CLANG_WARN_ENUM_CONVERSION = YES;
				CLANG_WARN_INFINITE_RECURSION = YES;
				CLANG_WARN_INT_CONVERSION = YES;
				CLANG_WARN_NON_LITERAL_NULL_CONVERSION = YES;
				CLANG_WARN_OBJC_IMPLICIT_RETAIN_SELF = YES;
				CLANG_WARN_OBJC_LITERAL_CONVERSION = YES;
				CLANG_WARN_OBJC_ROOT_CLASS = YES_ERROR;
				CLANG_WARN_QUOTED_INCLUDE_IN_FRAMEWORK_HEADER = YES;
				CLANG_WARN_RANGE_LOOP_ANALYSIS = YES;
				CLANG_WARN_STRICT_PROTOTYPES = YES;
				CLANG_WARN_SUSPICIOUS_MOVE = YES;
				CLANG_WARN_UNGUARDED_AVAILABILITY = YES_AGGRESSIVE;
				CLANG_WARN_UNREACHABLE_CODE = YES;
				CLANG_WARN__DUPLICATE_METHOD_MATCH = YES;
				COPY_PHASE_STRIP = NO;
				DEBUG_INFORMATION_FORMAT = dwarf;
				ENABLE_STRICT_OBJC_MSGSEND = YES;
				ENABLE_TESTABILITY = YES;
				GCC_C_LANGUAGE_STANDARD = gnu11;
				GCC_DYNAMIC_NO_PIC = NO;
				GCC_NO_COMMON_BLOCKS = YES;
				GCC_OPTIMIZATION_LEVEL = 0;
				GCC_PREPROCESSOR_DEFINITIONS = (
					"DEBUG=1",
					"$(inherited)",
				);
				GCC_WARN_64_TO_32_BIT_CONVERSION = YES;
				GCC_WARN_ABOUT_RETURN_TYPE = YES_ERROR;
				GCC_WARN_UNDECLARED_SELECTOR = YES;
				GCC_WARN_UNINITIALIZED_AUTOS = YES_AGGRESSIVE;
				GCC_WARN_UNUSED_FUNCTION = YES;
				GCC_WARN_UNUSED_VARIABLE = YES;
				IPHONEOS_DEPLOYMENT_TARGET = 15.0;
				MTL_ENABLE_DEBUG_INFO = INCLUDE_SOURCE;
				MTL_FAST_MATH = YES;
				ONLY_ACTIVE_ARCH = YES;
				SDKROOT = iphoneos;
				SWIFT_ACTIVE_COMPILATION_CONDITIONS = DEBUG;
				SWIFT_OPTIMIZATION_LEVEL = "-Onone";
			};
			name = Debug;
		};
		CBF4397A29C1C015003E85B3 /* Release */ = {
			isa = XCBuildConfiguration;
			buildSettings = {
				ALWAYS_SEARCH_USER_PATHS = NO;
				CLANG_ANALYZER_NONNULL = YES;
				CLANG_ANALYZER_NUMBER_OBJECT_CONVERSION = YES_AGGRESSIVE;
				CLANG_CXX_LANGUAGE_STANDARD = "gnu++20";
				CLANG_ENABLE_MODULES = YES;
				CLANG_ENABLE_OBJC_ARC = YES;
				CLANG_ENABLE_OBJC_WEAK = YES;
				CLANG_WARN_BLOCK_CAPTURE_AUTORELEASING = YES;
				CLANG_WARN_BOOL_CONVERSION = YES;
				CLANG_WARN_COMMA = YES;
				CLANG_WARN_CONSTANT_CONVERSION = YES;
				CLANG_WARN_DEPRECATED_OBJC_IMPLEMENTATIONS = YES;
				CLANG_WARN_DIRECT_OBJC_ISA_USAGE = YES_ERROR;
				CLANG_WARN_DOCUMENTATION_COMMENTS = YES;
				CLANG_WARN_EMPTY_BODY = YES;
				CLANG_WARN_ENUM_CONVERSION = YES;
				CLANG_WARN_INFINITE_RECURSION = YES;
				CLANG_WARN_INT_CONVERSION = YES;
				CLANG_WARN_NON_LITERAL_NULL_CONVERSION = YES;
				CLANG_WARN_OBJC_IMPLICIT_RETAIN_SELF = YES;
				CLANG_WARN_OBJC_LITERAL_CONVERSION = YES;
				CLANG_WARN_OBJC_ROOT_CLASS = YES_ERROR;
				CLANG_WARN_QUOTED_INCLUDE_IN_FRAMEWORK_HEADER = YES;
				CLANG_WARN_RANGE_LOOP_ANALYSIS = YES;
				CLANG_WARN_STRICT_PROTOTYPES = YES;
				CLANG_WARN_SUSPICIOUS_MOVE = YES;
				CLANG_WARN_UNGUARDED_AVAILABILITY = YES_AGGRESSIVE;
				CLANG_WARN_UNREACHABLE_CODE = YES;
				CLANG_WARN__DUPLICATE_METHOD_MATCH = YES;
				COPY_PHASE_STRIP = NO;
				DEBUG_INFORMATION_FORMAT = "dwarf-with-dsym";
				ENABLE_NS_ASSERTIONS = NO;
				ENABLE_STRICT_OBJC_MSGSEND = YES;
				GCC_C_LANGUAGE_STANDARD = gnu11;
				GCC_NO_COMMON_BLOCKS = YES;
				GCC_WARN_64_TO_32_BIT_CONVERSION = YES;
				GCC_WARN_ABOUT_RETURN_TYPE = YES_ERROR;
				GCC_WARN_UNDECLARED_SELECTOR = YES;
				GCC_WARN_UNINITIALIZED_AUTOS = YES_AGGRESSIVE;
				GCC_WARN_UNUSED_FUNCTION = YES;
				GCC_WARN_UNUSED_VARIABLE = YES;
				IPHONEOS_DEPLOYMENT_TARGET = 15.0;
				MTL_ENABLE_DEBUG_INFO = NO;
				MTL_FAST_MATH = YES;
				SDKROOT = iphoneos;
				SWIFT_COMPILATION_MODE = wholemodule;
				SWIFT_OPTIMIZATION_LEVEL = "-O";
				VALIDATE_PRODUCT = YES;
			};
			name = Release;
		};
		CBF4397C29C1C015003E85B3 /* Debug */ = {
			isa = XCBuildConfiguration;
			baseConfigurationReference = AAB5714282B436375042CEEF /* Pods-iOS UIKit.debug.xcconfig */;
			buildSettings = {
				ASSETCATALOG_COMPILER_APPICON_NAME = AppIcon;
				ASSETCATALOG_COMPILER_GLOBAL_ACCENT_COLOR_NAME = AccentColor;
				CODE_SIGN_STYLE = Automatic;
				CURRENT_PROJECT_VERSION = 1;
				DEVELOPMENT_TEAM = 34STBCNCDG;
				GENERATE_INFOPLIST_FILE = YES;
				INFOPLIST_FILE = "iOS UIKit/Info.plist";
				INFOPLIST_KEY_LSApplicationCategoryType = "public.app-category.developer-tools";
				INFOPLIST_KEY_UIApplicationSupportsIndirectInputEvents = YES;
				INFOPLIST_KEY_UILaunchStoryboardName = LaunchScreen;
				INFOPLIST_KEY_UISupportedInterfaceOrientations = UIInterfaceOrientationPortrait;
				INFOPLIST_KEY_UISupportedInterfaceOrientations_iPad = "UIInterfaceOrientationLandscapeLeft UIInterfaceOrientationLandscapeRight UIInterfaceOrientationPortrait UIInterfaceOrientationPortraitUpsideDown";
				IPHONEOS_DEPLOYMENT_TARGET = 15.0;
				LD_RUNPATH_SEARCH_PATHS = (
					"$(inherited)",
					"@executable_path/Frameworks",
				);
				MARKETING_VERSION = 1.0;
				PRODUCT_BUNDLE_IDENTIFIER = "com.gmail.junbok97.iOS-UIKit";
				PRODUCT_NAME = "$(TARGET_NAME)";
				SUPPORTED_PLATFORMS = "iphoneos iphonesimulator";
				SUPPORTS_MACCATALYST = NO;
				SUPPORTS_MAC_DESIGNED_FOR_IPHONE_IPAD = NO;
				SWIFT_EMIT_LOC_STRINGS = YES;
				SWIFT_VERSION = 5.0;
				TARGETED_DEVICE_FAMILY = 1;
			};
			name = Debug;
		};
		CBF4397D29C1C015003E85B3 /* Release */ = {
			isa = XCBuildConfiguration;
			baseConfigurationReference = 82DCA29C72000ECC48502CFC /* Pods-iOS UIKit.release.xcconfig */;
			buildSettings = {
				ASSETCATALOG_COMPILER_APPICON_NAME = AppIcon;
				ASSETCATALOG_COMPILER_GLOBAL_ACCENT_COLOR_NAME = AccentColor;
				CODE_SIGN_STYLE = Automatic;
				CURRENT_PROJECT_VERSION = 1;
				DEVELOPMENT_TEAM = 34STBCNCDG;
				GENERATE_INFOPLIST_FILE = YES;
				INFOPLIST_FILE = "iOS UIKit/Info.plist";
				INFOPLIST_KEY_LSApplicationCategoryType = "public.app-category.developer-tools";
				INFOPLIST_KEY_UIApplicationSupportsIndirectInputEvents = YES;
				INFOPLIST_KEY_UILaunchStoryboardName = LaunchScreen;
				INFOPLIST_KEY_UISupportedInterfaceOrientations = UIInterfaceOrientationPortrait;
				INFOPLIST_KEY_UISupportedInterfaceOrientations_iPad = "UIInterfaceOrientationLandscapeLeft UIInterfaceOrientationLandscapeRight UIInterfaceOrientationPortrait UIInterfaceOrientationPortraitUpsideDown";
				IPHONEOS_DEPLOYMENT_TARGET = 15.0;
				LD_RUNPATH_SEARCH_PATHS = (
					"$(inherited)",
					"@executable_path/Frameworks",
				);
				MARKETING_VERSION = 1.0;
				PRODUCT_BUNDLE_IDENTIFIER = "com.gmail.junbok97.iOS-UIKit";
				PRODUCT_NAME = "$(TARGET_NAME)";
				SUPPORTED_PLATFORMS = "iphoneos iphonesimulator";
				SUPPORTS_MACCATALYST = NO;
				SUPPORTS_MAC_DESIGNED_FOR_IPHONE_IPAD = NO;
				SWIFT_EMIT_LOC_STRINGS = YES;
				SWIFT_VERSION = 5.0;
				TARGETED_DEVICE_FAMILY = 1;
			};
			name = Release;
		};
/* End XCBuildConfiguration section */

/* Begin XCConfigurationList section */
		CBF4396229C1C014003E85B3 /* Build configuration list for PBXProject "iOS UIKit" */ = {
			isa = XCConfigurationList;
			buildConfigurations = (
				CBF4397929C1C015003E85B3 /* Debug */,
				CBF4397A29C1C015003E85B3 /* Release */,
			);
			defaultConfigurationIsVisible = 0;
			defaultConfigurationName = Release;
		};
		CBF4397B29C1C015003E85B3 /* Build configuration list for PBXNativeTarget "iOS UIKit" */ = {
			isa = XCConfigurationList;
			buildConfigurations = (
				CBF4397C29C1C015003E85B3 /* Debug */,
				CBF4397D29C1C015003E85B3 /* Release */,
			);
			defaultConfigurationIsVisible = 0;
			defaultConfigurationName = Release;
		};
/* End XCConfigurationList section */
	};
	rootObject = CBF4395F29C1C014003E85B3 /* Project object */;
}
