// !$*UTF8*$!
{
	archiveVersion = 1;
	classes = {
	};
	objectVersion = 56;
	objects = {

/* Begin PBXBuildFile section */
		43413F146E412DBD232595C2 /* Pods_iOS_UIKit.framework in Frameworks */ = {isa = PBXBuildFile; fileRef = 1F93BFF65E4CEB06C0BB4E1E /* Pods_iOS_UIKit.framework */; };
		CB0277182A11FAAE00FA8C15 /* ButtonModel.swift in Sources */ = {isa = PBXBuildFile; fileRef = CB0277172A11FAAE00FA8C15 /* ButtonModel.swift */; };
		CB02771A2A11FACE00FA8C15 /* ButtonSettingListSectionType.swift in Sources */ = {isa = PBXBuildFile; fileRef = CB0277192A11FACE00FA8C15 /* ButtonSettingListSectionType.swift */; };
		CB02771C2A11FDEE00FA8C15 /* ButtonTitleAlignmentType.swift in Sources */ = {isa = PBXBuildFile; fileRef = CB02771B2A11FDEE00FA8C15 /* ButtonTitleAlignmentType.swift */; };
		CB10C86D2A173C3100BC1968 /* ObjectListData.swift in Sources */ = {isa = PBXBuildFile; fileRef = CB10C86C2A173C3100BC1968 /* ObjectListData.swift */; };
		CB33D35429E82EB600FDAAAF /* LabelViewModel.swift in Sources */ = {isa = PBXBuildFile; fileRef = CB33D35329E82EB500FDAAAF /* LabelViewModel.swift */; };
		CB33D35929E83A5400FDAAAF /* LabelAlignmentCell.swift in Sources */ = {isa = PBXBuildFile; fileRef = CB33D35829E83A5400FDAAAF /* LabelAlignmentCell.swift */; };
		CB33D35B29E8446D00FDAAAF /* ChildCoordinatorFactory.swift in Sources */ = {isa = PBXBuildFile; fileRef = CB33D35A29E8446D00FDAAAF /* ChildCoordinatorFactory.swift */; };
		CB3A909E2A120DD4001CC138 /* DefaultLabelCell.swift in Sources */ = {isa = PBXBuildFile; fileRef = CB3A909D2A120DD4001CC138 /* DefaultLabelCell.swift */; };
		CB3A90A02A120E08001CC138 /* DefaultLabelCellConstants.swift in Sources */ = {isa = PBXBuildFile; fileRef = CB3A909F2A120E08001CC138 /* DefaultLabelCellConstants.swift */; };
		CB3A90A42A121348001CC138 /* ButtonLabelCell.swift in Sources */ = {isa = PBXBuildFile; fileRef = CB3A90A32A121348001CC138 /* ButtonLabelCell.swift */; };
		CB3A90A62A121361001CC138 /* ButtonLabelCellConstants.swift in Sources */ = {isa = PBXBuildFile; fileRef = CB3A90A52A121361001CC138 /* ButtonLabelCellConstants.swift */; };
		CB3A90A82A12163F001CC138 /* ButtonSettingListCellProtocol.swift in Sources */ = {isa = PBXBuildFile; fileRef = CB3A90A72A12163F001CC138 /* ButtonSettingListCellProtocol.swift */; };
		CB3A90AB2A121CD8001CC138 /* DefaultSettingListHeaderView.swift in Sources */ = {isa = PBXBuildFile; fileRef = CB3A90AA2A121CD8001CC138 /* DefaultSettingListHeaderView.swift */; };
		CB3A90AD2A12200D001CC138 /* DefaultSettingListHeaderViewConstants.swift in Sources */ = {isa = PBXBuildFile; fileRef = CB3A90AC2A12200D001CC138 /* DefaultSettingListHeaderViewConstants.swift */; };
		CB3A90AF2A123078001CC138 /* ButtonTitleType.swift in Sources */ = {isa = PBXBuildFile; fileRef = CB3A90AE2A123078001CC138 /* ButtonTitleType.swift */; };
		CB421FB429E5AA670014DC4F /* LabelFontCell.swift in Sources */ = {isa = PBXBuildFile; fileRef = CB421FB329E5AA670014DC4F /* LabelFontCell.swift */; };
		CB421FB829E5ABAA0014DC4F /* LabelViewControllerConstants.swift in Sources */ = {isa = PBXBuildFile; fileRef = CB421FB729E5ABAA0014DC4F /* LabelViewControllerConstants.swift */; };
		CB421FBA29E5ADDC0014DC4F /* ObjectColorType.swift in Sources */ = {isa = PBXBuildFile; fileRef = CB421FB929E5ADDC0014DC4F /* ObjectColorType.swift */; };
		CB421FC229E5B3180014DC4F /* LabelCoordinator.swift in Sources */ = {isa = PBXBuildFile; fileRef = CB421FC129E5B3180014DC4F /* LabelCoordinator.swift */; };
		CB421FC729E5B8AD0014DC4F /* LabelTextCell.swift in Sources */ = {isa = PBXBuildFile; fileRef = CB421FC629E5B8AD0014DC4F /* LabelTextCell.swift */; };
		CB4D1EC82A0D1691000EC05C /* LabelModel.swift in Sources */ = {isa = PBXBuildFile; fileRef = CB4D1EC72A0D1691000EC05C /* LabelModel.swift */; };
		CB4D1EDE2A0D180A000EC05C /* ObjectColor.swift in Sources */ = {isa = PBXBuildFile; fileRef = CB4D1EDD2A0D180A000EC05C /* ObjectColor.swift */; };
		CB5714D62A0A098F00365646 /* ButtonViewControllerConstants.swift in Sources */ = {isa = PBXBuildFile; fileRef = CB5714D52A0A098F00365646 /* ButtonViewControllerConstants.swift */; };
		CB5714E32A0A0E6D00365646 /* ButtonStyleType.swift in Sources */ = {isa = PBXBuildFile; fileRef = CB5714E22A0A0E6D00365646 /* ButtonStyleType.swift */; };
		CB5714FF2A0A22D300365646 /* SFSymbolsViewController.swift in Sources */ = {isa = PBXBuildFile; fileRef = CB5714FE2A0A22D300365646 /* SFSymbolsViewController.swift */; };
		CB5715032A0A232400365646 /* SFSymbolsViewControllerConstants.swift in Sources */ = {isa = PBXBuildFile; fileRef = CB5715022A0A232400365646 /* SFSymbolsViewControllerConstants.swift */; };
		CB5715052A0A2A5F00365646 /* UICollectionViewCellRegister.swift in Sources */ = {isa = PBXBuildFile; fileRef = CB5715042A0A2A5F00365646 /* UICollectionViewCellRegister.swift */; };
		CB5715072A0A2A7E00365646 /* SFSymbolsCollectionViewCell.swift in Sources */ = {isa = PBXBuildFile; fileRef = CB5715062A0A2A7E00365646 /* SFSymbolsCollectionViewCell.swift */; };
		CB57150A2A0A2AC300365646 /* SFSymbolsCollectionViewCellConstants.swift in Sources */ = {isa = PBXBuildFile; fileRef = CB5715092A0A2AC300365646 /* SFSymbolsCollectionViewCellConstants.swift */; };
		CB57150C2A0A2E1300365646 /* SFSymbolsCoordinator.swift in Sources */ = {isa = PBXBuildFile; fileRef = CB57150B2A0A2E1300365646 /* SFSymbolsCoordinator.swift */; };
		CB5715112A0A359900365646 /* SFSymbolsViewModel.swift in Sources */ = {isa = PBXBuildFile; fileRef = CB5715102A0A359900365646 /* SFSymbolsViewModel.swift */; };
		CB5715132A0A35F400365646 /* SFSymbolsModel.swift in Sources */ = {isa = PBXBuildFile; fileRef = CB5715122A0A35F400365646 /* SFSymbolsModel.swift */; };
		CB5715152A0A44B700365646 /* ButtonCornerStyleType.swift in Sources */ = {isa = PBXBuildFile; fileRef = CB5715142A0A44B700365646 /* ButtonCornerStyleType.swift */; };
		CB5715172A0A468600365646 /* ButtonImagePlacementType.swift in Sources */ = {isa = PBXBuildFile; fileRef = CB5715162A0A468600365646 /* ButtonImagePlacementType.swift */; };
		CB6613C12A093A6900515AED /* LabelNumberOfLinesCell.swift in Sources */ = {isa = PBXBuildFile; fileRef = CB6613C02A093A6900515AED /* LabelNumberOfLinesCell.swift */; };
		CB6613C32A093A9700515AED /* LabelNumberOfLinesCellConstants.swift in Sources */ = {isa = PBXBuildFile; fileRef = CB6613C22A093A9700515AED /* LabelNumberOfLinesCellConstants.swift */; };
		CB7024AD2A10E264006194FB /* DefaultCodeCell.swift in Sources */ = {isa = PBXBuildFile; fileRef = CB7024AC2A10E264006194FB /* DefaultCodeCell.swift */; };
		CB7024AF2A10E285006194FB /* DefaultCell.swift in Sources */ = {isa = PBXBuildFile; fileRef = CB7024AE2A10E285006194FB /* DefaultCell.swift */; };
		CB7024B12A10E374006194FB /* DefaultCodeCellConstants.swift in Sources */ = {isa = PBXBuildFile; fileRef = CB7024B02A10E374006194FB /* DefaultCodeCellConstants.swift */; };
		CB7024B42A10E42F006194FB /* LabelSettingListCellProtocol.swift in Sources */ = {isa = PBXBuildFile; fileRef = CB7024B32A10E42F006194FB /* LabelSettingListCellProtocol.swift */; };
		CB7024B62A10E5A8006194FB /* DefaultTextCell.swift in Sources */ = {isa = PBXBuildFile; fileRef = CB7024B52A10E5A8006194FB /* DefaultTextCell.swift */; };
		CB7024B82A10E614006194FB /* DefaultTextCellConstants.swift in Sources */ = {isa = PBXBuildFile; fileRef = CB7024B72A10E614006194FB /* DefaultTextCellConstants.swift */; };
		CB7024BA2A10E75B006194FB /* DefaultColorCell.swift in Sources */ = {isa = PBXBuildFile; fileRef = CB7024B92A10E75B006194FB /* DefaultColorCell.swift */; };
		CB7024BC2A10E8A6006194FB /* DefaultColorCellConstants.swift in Sources */ = {isa = PBXBuildFile; fileRef = CB7024BB2A10E8A6006194FB /* DefaultColorCellConstants.swift */; };
		CB7024BE2A10EA84006194FB /* DefaultFontCell.swift in Sources */ = {isa = PBXBuildFile; fileRef = CB7024BD2A10EA84006194FB /* DefaultFontCell.swift */; };
		CB7024C02A10EB33006194FB /* DefaultFontCellConstants.swift in Sources */ = {isa = PBXBuildFile; fileRef = CB7024BF2A10EB33006194FB /* DefaultFontCellConstants.swift */; };
		CB7024C22A10EC35006194FB /* DefaultFontSizeCell.swift in Sources */ = {isa = PBXBuildFile; fileRef = CB7024C12A10EC35006194FB /* DefaultFontSizeCell.swift */; };
		CB7024C42A10EC5D006194FB /* DefaultFontSizeCellConstants.swift in Sources */ = {isa = PBXBuildFile; fileRef = CB7024C32A10EC5D006194FB /* DefaultFontSizeCellConstants.swift */; };
		CB7024CD2A10F1DC006194FB /* ButtonCodeCell.swift in Sources */ = {isa = PBXBuildFile; fileRef = CB7024CC2A10F1DC006194FB /* ButtonCodeCell.swift */; };
		CB7024CF2A10F373006194FB /* ButtonCodeCellConstants.swift in Sources */ = {isa = PBXBuildFile; fileRef = CB7024CE2A10F373006194FB /* ButtonCodeCellConstants.swift */; };
		CB7024D52A10F647006194FB /* ButtonFontCell.swift in Sources */ = {isa = PBXBuildFile; fileRef = CB7024D42A10F647006194FB /* ButtonFontCell.swift */; };
		CB7024D92A10F686006194FB /* ButtonFontCellConstants.swift in Sources */ = {isa = PBXBuildFile; fileRef = CB7024D82A10F686006194FB /* ButtonFontCellConstants.swift */; };
		CB7024DD2A10F6FA006194FB /* ButtonColorCell.swift in Sources */ = {isa = PBXBuildFile; fileRef = CB7024DC2A10F6FA006194FB /* ButtonColorCell.swift */; };
		CB7024DF2A10F712006194FB /* ButtonColorCellConstants.swift in Sources */ = {isa = PBXBuildFile; fileRef = CB7024DE2A10F712006194FB /* ButtonColorCellConstants.swift */; };
		CB7CA7842A03B16C00574395 /* MainViewModel.swift in Sources */ = {isa = PBXBuildFile; fileRef = CB7CA7832A03B16C00574395 /* MainViewModel.swift */; };
		CB7CA7862A03B28000574395 /* MainModel.swift in Sources */ = {isa = PBXBuildFile; fileRef = CB7CA7852A03B28000574395 /* MainModel.swift */; };
		CB80B1CF29E5393600298F3C /* .swiftlint.yml in Resources */ = {isa = PBXBuildFile; fileRef = CB80B1CE29E5393600298F3C /* .swiftlint.yml */; };
		CB80B1D229E53AA200298F3C /* MainViewController.swift in Sources */ = {isa = PBXBuildFile; fileRef = CB80B1D129E53AA200298F3C /* MainViewController.swift */; };
		CB80B1D529E53B0000298F3C /* CoordinatorProtocol.swift in Sources */ = {isa = PBXBuildFile; fileRef = CB80B1D429E53B0000298F3C /* CoordinatorProtocol.swift */; };
		CB80B1D729E53B7B00298F3C /* MainCoordinator.swift in Sources */ = {isa = PBXBuildFile; fileRef = CB80B1D629E53B7B00298F3C /* MainCoordinator.swift */; };
		CB80B1DD29E53F3300298F3C /* MainViewControllerConstants.swift in Sources */ = {isa = PBXBuildFile; fileRef = CB80B1DC29E53F3300298F3C /* MainViewControllerConstants.swift */; };
		CB80B1F729E5468200298F3C /* ObjectListCell.swift in Sources */ = {isa = PBXBuildFile; fileRef = CB80B1F629E5468200298F3C /* ObjectListCell.swift */; };
		CB8F40402A161DF900AD9D89 /* SFSymbolsSystemName.swift in Sources */ = {isa = PBXBuildFile; fileRef = CB8F403F2A161DF900AD9D89 /* SFSymbolsSystemName.swift */; };
		CB9A9C872A10C6A40065F5A5 /* DefaultListViewController.swift in Sources */ = {isa = PBXBuildFile; fileRef = CB9A9C862A10C6A40065F5A5 /* DefaultListViewController.swift */; };
		CB9A9C892A10C8C90065F5A5 /* DefaultViewControllerConstants.swift in Sources */ = {isa = PBXBuildFile; fileRef = CB9A9C882A10C8C90065F5A5 /* DefaultViewControllerConstants.swift */; };
		CB9A9C8B2A10CC940065F5A5 /* ButtonCoordinator.swift in Sources */ = {isa = PBXBuildFile; fileRef = CB9A9C8A2A10CC940065F5A5 /* ButtonCoordinator.swift */; };
		CB9A9C8D2A10CCB70065F5A5 /* ButtonViewModel.swift in Sources */ = {isa = PBXBuildFile; fileRef = CB9A9C8C2A10CCB70065F5A5 /* ButtonViewModel.swift */; };
		CBAAA2442A08CC8200773E0C /* ButtonViewController.swift in Sources */ = {isa = PBXBuildFile; fileRef = CBAAA2432A08CC8200773E0C /* ButtonViewController.swift */; };
		CBAAA2462A08CCB600773E0C /* ViewModelProtocol.swift in Sources */ = {isa = PBXBuildFile; fileRef = CBAAA2452A08CCB600773E0C /* ViewModelProtocol.swift */; };
		CBAAA2482A08CD4800773E0C /* Test.storyboard in Resources */ = {isa = PBXBuildFile; fileRef = CBAAA2472A08CD4800773E0C /* Test.storyboard */; };
		CBAAA24C2A08D26C00773E0C /* LabelFontSizeCell.swift in Sources */ = {isa = PBXBuildFile; fileRef = CBAAA24B2A08D26C00773E0C /* LabelFontSizeCell.swift */; };
		CBAAA2522A08D61900773E0C /* LabelTextCellConstants.swift in Sources */ = {isa = PBXBuildFile; fileRef = CBAAA2512A08D61900773E0C /* LabelTextCellConstants.swift */; };
		CBAAA2542A08D65400773E0C /* LabelColorCellConstants.swift in Sources */ = {isa = PBXBuildFile; fileRef = CBAAA2532A08D65400773E0C /* LabelColorCellConstants.swift */; };
		CBAAA2562A08D67E00773E0C /* LabelFontCellConstants.swift in Sources */ = {isa = PBXBuildFile; fileRef = CBAAA2552A08D67E00773E0C /* LabelFontCellConstants.swift */; };
		CBAAA2582A08D6A000773E0C /* LabelAlignmentCellConstants.swift in Sources */ = {isa = PBXBuildFile; fileRef = CBAAA2572A08D6A000773E0C /* LabelAlignmentCellConstants.swift */; };
		CBAAA25A2A08D6BF00773E0C /* LabelFontSizeCellConstants.swift in Sources */ = {isa = PBXBuildFile; fileRef = CBAAA2592A08D6BF00773E0C /* LabelFontSizeCellConstants.swift */; };
		CBBBC88B2A134D8400213A2A /* ButtonSettingListData.swift in Sources */ = {isa = PBXBuildFile; fileRef = CBBBC88A2A134D8400213A2A /* ButtonSettingListData.swift */; };
		CBBBC88D2A134DC900213A2A /* LabelSettingListData.swift in Sources */ = {isa = PBXBuildFile; fileRef = CBBBC88C2A134DC900213A2A /* LabelSettingListData.swift */; };
		CBBBC88F2A13706E00213A2A /* ButtonText.swift in Sources */ = {isa = PBXBuildFile; fileRef = CBBBC88E2A13706E00213A2A /* ButtonText.swift */; };
		CBBBC8912A13707800213A2A /* ButtonFontSize.swift in Sources */ = {isa = PBXBuildFile; fileRef = CBBBC8902A13707800213A2A /* ButtonFontSize.swift */; };
		CBBBC89B2A137CCB00213A2A /* ButtonTextCell.swift in Sources */ = {isa = PBXBuildFile; fileRef = CBBBC89A2A137CCB00213A2A /* ButtonTextCell.swift */; };
		CBBBC89D2A137CEB00213A2A /* ButtonFontSizeCell.swift in Sources */ = {isa = PBXBuildFile; fileRef = CBBBC89C2A137CEB00213A2A /* ButtonFontSizeCell.swift */; };
		CBBBC89F2A137D0E00213A2A /* ButtonTextCellConstants.swift in Sources */ = {isa = PBXBuildFile; fileRef = CBBBC89E2A137D0E00213A2A /* ButtonTextCellConstants.swift */; };
		CBBBC8A12A137D2200213A2A /* ButtonFontSizeCellConstants.swift in Sources */ = {isa = PBXBuildFile; fileRef = CBBBC8A02A137D2200213A2A /* ButtonFontSizeCellConstants.swift */; };
		CBBBC8A32A137F1E00213A2A /* ButtonConfigurationViewModel.swift in Sources */ = {isa = PBXBuildFile; fileRef = CBBBC8A22A137F1E00213A2A /* ButtonConfigurationViewModel.swift */; };
		CBBEBC322A0FC90200A0DFE0 /* LabelSettingListSectionModel.swift in Sources */ = {isa = PBXBuildFile; fileRef = CBBEBC312A0FC90200A0DFE0 /* LabelSettingListSectionModel.swift */; };
		CBBEBC362A0FCB8E00A0DFE0 /* ObjectFontType.swift in Sources */ = {isa = PBXBuildFile; fileRef = CBBEBC352A0FCB8E00A0DFE0 /* ObjectFontType.swift */; };
		CBBEBC382A0FCC1B00A0DFE0 /* ObjectAlignmentType.swift in Sources */ = {isa = PBXBuildFile; fileRef = CBBEBC372A0FCC1B00A0DFE0 /* ObjectAlignmentType.swift */; };
		CBC323832A0604DD00C5B6D1 /* ObjectListCellConstants.swift in Sources */ = {isa = PBXBuildFile; fileRef = CBC323822A0604DD00C5B6D1 /* ObjectListCellConstants.swift */; };
		CBC323972A06BF5100C5B6D1 /* ObjectSectionModel.swift in Sources */ = {isa = PBXBuildFile; fileRef = CBC323962A06BF5100C5B6D1 /* ObjectSectionModel.swift */; };
		CBC6073F29C1C733008B6BA9 /* UITableViewCellReigster.swift in Sources */ = {isa = PBXBuildFile; fileRef = CBC6073E29C1C733008B6BA9 /* UITableViewCellReigster.swift */; };
		CBC6074529C1D09D008B6BA9 /* ObjectType.swift in Sources */ = {isa = PBXBuildFile; fileRef = CBC6074429C1D09D008B6BA9 /* ObjectType.swift */; };
		CBC6074B29C1D28F008B6BA9 /* UITableViewHeaderFooterViewRegister.swift in Sources */ = {isa = PBXBuildFile; fileRef = CBC6074A29C1D28F008B6BA9 /* UITableViewHeaderFooterViewRegister.swift */; };
		CBD2FC7C2A0B6D73008033CF /* LabelCodeCell.swift in Sources */ = {isa = PBXBuildFile; fileRef = CBD2FC7B2A0B6D73008033CF /* LabelCodeCell.swift */; };
		CBD2FC7E2A0B6DBF008033CF /* LabelCodeCellConstants.swift in Sources */ = {isa = PBXBuildFile; fileRef = CBD2FC7D2A0B6DBF008033CF /* LabelCodeCellConstants.swift */; };
		CBDD7F872A18BBBA0081953C /* NavgationBarCoordinator.swift in Sources */ = {isa = PBXBuildFile; fileRef = CBDD7F862A18BBBA0081953C /* NavgationBarCoordinator.swift */; };
		CBDD7F892A18BBCC0081953C /* NavigationBarController.swift in Sources */ = {isa = PBXBuildFile; fileRef = CBDD7F882A18BBCC0081953C /* NavigationBarController.swift */; };
		CBDD7F8B2A18C76E0081953C /* UIColor+.swift in Sources */ = {isa = PBXBuildFile; fileRef = CBDD7F8A2A18C76E0081953C /* UIColor+.swift */; };
		CBDE6E1E29E54B170068BA0A /* LabelViewController.swift in Sources */ = {isa = PBXBuildFile; fileRef = CBDE6E1D29E54B170068BA0A /* LabelViewController.swift */; };
		CBDE6E6529E5599B0068BA0A /* LabelColorCell.swift in Sources */ = {isa = PBXBuildFile; fileRef = CBDE6E6429E5599B0068BA0A /* LabelColorCell.swift */; };
		CBE4FA3A2A13D5A900479A8F /* ButtonConfigurationModel.swift in Sources */ = {isa = PBXBuildFile; fileRef = CBE4FA392A13D5A900479A8F /* ButtonConfigurationModel.swift */; };
		CBEA97322A127692006D95E3 /* ButtonImageCell.swift in Sources */ = {isa = PBXBuildFile; fileRef = CBEA97312A127692006D95E3 /* ButtonImageCell.swift */; };
		CBEA97342A12770F006D95E3 /* ButtonImageCellConstants.swift in Sources */ = {isa = PBXBuildFile; fileRef = CBEA97332A12770F006D95E3 /* ButtonImageCellConstants.swift */; };
		CBF4396B29C1C014003E85B3 /* AppDelegate.swift in Sources */ = {isa = PBXBuildFile; fileRef = CBF4396A29C1C014003E85B3 /* AppDelegate.swift */; };
		CBF4396D29C1C014003E85B3 /* SceneDelegate.swift in Sources */ = {isa = PBXBuildFile; fileRef = CBF4396C29C1C014003E85B3 /* SceneDelegate.swift */; };
		CBF4397429C1C015003E85B3 /* Assets.xcassets in Resources */ = {isa = PBXBuildFile; fileRef = CBF4397329C1C015003E85B3 /* Assets.xcassets */; };
		CBF4397729C1C015003E85B3 /* LaunchScreen.storyboard in Resources */ = {isa = PBXBuildFile; fileRef = CBF4397529C1C015003E85B3 /* LaunchScreen.storyboard */; };
		CBFCD0AE2A1496CC0085A398 /* DefaultViewController.swift in Sources */ = {isa = PBXBuildFile; fileRef = CBFCD0AD2A1496CC0085A398 /* DefaultViewController.swift */; };
/* End PBXBuildFile section */

/* Begin PBXFileReference section */
		1F93BFF65E4CEB06C0BB4E1E /* Pods_iOS_UIKit.framework */ = {isa = PBXFileReference; explicitFileType = wrapper.framework; includeInIndex = 0; path = Pods_iOS_UIKit.framework; sourceTree = BUILT_PRODUCTS_DIR; };
		82DCA29C72000ECC48502CFC /* Pods-iOS UIKit.release.xcconfig */ = {isa = PBXFileReference; includeInIndex = 1; lastKnownFileType = text.xcconfig; name = "Pods-iOS UIKit.release.xcconfig"; path = "Target Support Files/Pods-iOS UIKit/Pods-iOS UIKit.release.xcconfig"; sourceTree = "<group>"; };
		AAB5714282B436375042CEEF /* Pods-iOS UIKit.debug.xcconfig */ = {isa = PBXFileReference; includeInIndex = 1; lastKnownFileType = text.xcconfig; name = "Pods-iOS UIKit.debug.xcconfig"; path = "Target Support Files/Pods-iOS UIKit/Pods-iOS UIKit.debug.xcconfig"; sourceTree = "<group>"; };
		CB0277172A11FAAE00FA8C15 /* ButtonModel.swift */ = {isa = PBXFileReference; lastKnownFileType = sourcecode.swift; path = ButtonModel.swift; sourceTree = "<group>"; };
		CB0277192A11FACE00FA8C15 /* ButtonSettingListSectionType.swift */ = {isa = PBXFileReference; lastKnownFileType = sourcecode.swift; path = ButtonSettingListSectionType.swift; sourceTree = "<group>"; };
		CB02771B2A11FDEE00FA8C15 /* ButtonTitleAlignmentType.swift */ = {isa = PBXFileReference; lastKnownFileType = sourcecode.swift; path = ButtonTitleAlignmentType.swift; sourceTree = "<group>"; };
		CB10C86C2A173C3100BC1968 /* ObjectListData.swift */ = {isa = PBXFileReference; lastKnownFileType = sourcecode.swift; path = ObjectListData.swift; sourceTree = "<group>"; };
		CB33D35329E82EB500FDAAAF /* LabelViewModel.swift */ = {isa = PBXFileReference; lastKnownFileType = sourcecode.swift; path = LabelViewModel.swift; sourceTree = "<group>"; };
		CB33D35829E83A5400FDAAAF /* LabelAlignmentCell.swift */ = {isa = PBXFileReference; lastKnownFileType = sourcecode.swift; path = LabelAlignmentCell.swift; sourceTree = "<group>"; };
		CB33D35A29E8446D00FDAAAF /* ChildCoordinatorFactory.swift */ = {isa = PBXFileReference; lastKnownFileType = sourcecode.swift; path = ChildCoordinatorFactory.swift; sourceTree = "<group>"; };
		CB3A909D2A120DD4001CC138 /* DefaultLabelCell.swift */ = {isa = PBXFileReference; lastKnownFileType = sourcecode.swift; path = DefaultLabelCell.swift; sourceTree = "<group>"; };
		CB3A909F2A120E08001CC138 /* DefaultLabelCellConstants.swift */ = {isa = PBXFileReference; lastKnownFileType = sourcecode.swift; path = DefaultLabelCellConstants.swift; sourceTree = "<group>"; };
		CB3A90A32A121348001CC138 /* ButtonLabelCell.swift */ = {isa = PBXFileReference; lastKnownFileType = sourcecode.swift; path = ButtonLabelCell.swift; sourceTree = "<group>"; };
		CB3A90A52A121361001CC138 /* ButtonLabelCellConstants.swift */ = {isa = PBXFileReference; lastKnownFileType = sourcecode.swift; path = ButtonLabelCellConstants.swift; sourceTree = "<group>"; };
		CB3A90A72A12163F001CC138 /* ButtonSettingListCellProtocol.swift */ = {isa = PBXFileReference; lastKnownFileType = sourcecode.swift; path = ButtonSettingListCellProtocol.swift; sourceTree = "<group>"; };
		CB3A90AA2A121CD8001CC138 /* DefaultSettingListHeaderView.swift */ = {isa = PBXFileReference; lastKnownFileType = sourcecode.swift; path = DefaultSettingListHeaderView.swift; sourceTree = "<group>"; };
		CB3A90AC2A12200D001CC138 /* DefaultSettingListHeaderViewConstants.swift */ = {isa = PBXFileReference; lastKnownFileType = sourcecode.swift; path = DefaultSettingListHeaderViewConstants.swift; sourceTree = "<group>"; };
		CB3A90AE2A123078001CC138 /* ButtonTitleType.swift */ = {isa = PBXFileReference; lastKnownFileType = sourcecode.swift; path = ButtonTitleType.swift; sourceTree = "<group>"; };
		CB421FB329E5AA670014DC4F /* LabelFontCell.swift */ = {isa = PBXFileReference; lastKnownFileType = sourcecode.swift; path = LabelFontCell.swift; sourceTree = "<group>"; };
		CB421FB729E5ABAA0014DC4F /* LabelViewControllerConstants.swift */ = {isa = PBXFileReference; lastKnownFileType = sourcecode.swift; path = LabelViewControllerConstants.swift; sourceTree = "<group>"; };
		CB421FB929E5ADDC0014DC4F /* ObjectColorType.swift */ = {isa = PBXFileReference; lastKnownFileType = sourcecode.swift; path = ObjectColorType.swift; sourceTree = "<group>"; };
		CB421FC129E5B3180014DC4F /* LabelCoordinator.swift */ = {isa = PBXFileReference; lastKnownFileType = sourcecode.swift; path = LabelCoordinator.swift; sourceTree = "<group>"; };
		CB421FC629E5B8AD0014DC4F /* LabelTextCell.swift */ = {isa = PBXFileReference; lastKnownFileType = sourcecode.swift; path = LabelTextCell.swift; sourceTree = "<group>"; };
		CB4D1EC72A0D1691000EC05C /* LabelModel.swift */ = {isa = PBXFileReference; lastKnownFileType = sourcecode.swift; path = LabelModel.swift; sourceTree = "<group>"; };
		CB4D1EDD2A0D180A000EC05C /* ObjectColor.swift */ = {isa = PBXFileReference; lastKnownFileType = sourcecode.swift; path = ObjectColor.swift; sourceTree = "<group>"; };
		CB5714D52A0A098F00365646 /* ButtonViewControllerConstants.swift */ = {isa = PBXFileReference; lastKnownFileType = sourcecode.swift; path = ButtonViewControllerConstants.swift; sourceTree = "<group>"; };
		CB5714E22A0A0E6D00365646 /* ButtonStyleType.swift */ = {isa = PBXFileReference; lastKnownFileType = sourcecode.swift; path = ButtonStyleType.swift; sourceTree = "<group>"; };
		CB5714FE2A0A22D300365646 /* SFSymbolsViewController.swift */ = {isa = PBXFileReference; lastKnownFileType = sourcecode.swift; path = SFSymbolsViewController.swift; sourceTree = "<group>"; };
		CB5715022A0A232400365646 /* SFSymbolsViewControllerConstants.swift */ = {isa = PBXFileReference; lastKnownFileType = sourcecode.swift; path = SFSymbolsViewControllerConstants.swift; sourceTree = "<group>"; };
		CB5715042A0A2A5F00365646 /* UICollectionViewCellRegister.swift */ = {isa = PBXFileReference; lastKnownFileType = sourcecode.swift; path = UICollectionViewCellRegister.swift; sourceTree = "<group>"; };
		CB5715062A0A2A7E00365646 /* SFSymbolsCollectionViewCell.swift */ = {isa = PBXFileReference; lastKnownFileType = sourcecode.swift; path = SFSymbolsCollectionViewCell.swift; sourceTree = "<group>"; };
		CB5715092A0A2AC300365646 /* SFSymbolsCollectionViewCellConstants.swift */ = {isa = PBXFileReference; lastKnownFileType = sourcecode.swift; path = SFSymbolsCollectionViewCellConstants.swift; sourceTree = "<group>"; };
		CB57150B2A0A2E1300365646 /* SFSymbolsCoordinator.swift */ = {isa = PBXFileReference; lastKnownFileType = sourcecode.swift; path = SFSymbolsCoordinator.swift; sourceTree = "<group>"; };
		CB5715102A0A359900365646 /* SFSymbolsViewModel.swift */ = {isa = PBXFileReference; lastKnownFileType = sourcecode.swift; path = SFSymbolsViewModel.swift; sourceTree = "<group>"; };
		CB5715122A0A35F400365646 /* SFSymbolsModel.swift */ = {isa = PBXFileReference; lastKnownFileType = sourcecode.swift; path = SFSymbolsModel.swift; sourceTree = "<group>"; };
		CB5715142A0A44B700365646 /* ButtonCornerStyleType.swift */ = {isa = PBXFileReference; lastKnownFileType = sourcecode.swift; path = ButtonCornerStyleType.swift; sourceTree = "<group>"; };
		CB5715162A0A468600365646 /* ButtonImagePlacementType.swift */ = {isa = PBXFileReference; lastKnownFileType = sourcecode.swift; path = ButtonImagePlacementType.swift; sourceTree = "<group>"; };
		CB6613C02A093A6900515AED /* LabelNumberOfLinesCell.swift */ = {isa = PBXFileReference; lastKnownFileType = sourcecode.swift; path = LabelNumberOfLinesCell.swift; sourceTree = "<group>"; };
		CB6613C22A093A9700515AED /* LabelNumberOfLinesCellConstants.swift */ = {isa = PBXFileReference; lastKnownFileType = sourcecode.swift; path = LabelNumberOfLinesCellConstants.swift; sourceTree = "<group>"; };
		CB7024AC2A10E264006194FB /* DefaultCodeCell.swift */ = {isa = PBXFileReference; lastKnownFileType = sourcecode.swift; path = DefaultCodeCell.swift; sourceTree = "<group>"; };
		CB7024AE2A10E285006194FB /* DefaultCell.swift */ = {isa = PBXFileReference; lastKnownFileType = sourcecode.swift; path = DefaultCell.swift; sourceTree = "<group>"; };
		CB7024B02A10E374006194FB /* DefaultCodeCellConstants.swift */ = {isa = PBXFileReference; lastKnownFileType = sourcecode.swift; path = DefaultCodeCellConstants.swift; sourceTree = "<group>"; };
		CB7024B32A10E42F006194FB /* LabelSettingListCellProtocol.swift */ = {isa = PBXFileReference; lastKnownFileType = sourcecode.swift; path = LabelSettingListCellProtocol.swift; sourceTree = "<group>"; };
		CB7024B52A10E5A8006194FB /* DefaultTextCell.swift */ = {isa = PBXFileReference; lastKnownFileType = sourcecode.swift; path = DefaultTextCell.swift; sourceTree = "<group>"; };
		CB7024B72A10E614006194FB /* DefaultTextCellConstants.swift */ = {isa = PBXFileReference; lastKnownFileType = sourcecode.swift; path = DefaultTextCellConstants.swift; sourceTree = "<group>"; };
		CB7024B92A10E75B006194FB /* DefaultColorCell.swift */ = {isa = PBXFileReference; lastKnownFileType = sourcecode.swift; path = DefaultColorCell.swift; sourceTree = "<group>"; };
		CB7024BB2A10E8A6006194FB /* DefaultColorCellConstants.swift */ = {isa = PBXFileReference; lastKnownFileType = sourcecode.swift; path = DefaultColorCellConstants.swift; sourceTree = "<group>"; };
		CB7024BD2A10EA84006194FB /* DefaultFontCell.swift */ = {isa = PBXFileReference; lastKnownFileType = sourcecode.swift; path = DefaultFontCell.swift; sourceTree = "<group>"; };
		CB7024BF2A10EB33006194FB /* DefaultFontCellConstants.swift */ = {isa = PBXFileReference; lastKnownFileType = sourcecode.swift; path = DefaultFontCellConstants.swift; sourceTree = "<group>"; };
		CB7024C12A10EC35006194FB /* DefaultFontSizeCell.swift */ = {isa = PBXFileReference; lastKnownFileType = sourcecode.swift; path = DefaultFontSizeCell.swift; sourceTree = "<group>"; };
		CB7024C32A10EC5D006194FB /* DefaultFontSizeCellConstants.swift */ = {isa = PBXFileReference; lastKnownFileType = sourcecode.swift; path = DefaultFontSizeCellConstants.swift; sourceTree = "<group>"; };
		CB7024CC2A10F1DC006194FB /* ButtonCodeCell.swift */ = {isa = PBXFileReference; lastKnownFileType = sourcecode.swift; path = ButtonCodeCell.swift; sourceTree = "<group>"; };
		CB7024CE2A10F373006194FB /* ButtonCodeCellConstants.swift */ = {isa = PBXFileReference; lastKnownFileType = sourcecode.swift; path = ButtonCodeCellConstants.swift; sourceTree = "<group>"; };
		CB7024D42A10F647006194FB /* ButtonFontCell.swift */ = {isa = PBXFileReference; lastKnownFileType = sourcecode.swift; path = ButtonFontCell.swift; sourceTree = "<group>"; };
		CB7024D82A10F686006194FB /* ButtonFontCellConstants.swift */ = {isa = PBXFileReference; lastKnownFileType = sourcecode.swift; path = ButtonFontCellConstants.swift; sourceTree = "<group>"; };
		CB7024DC2A10F6FA006194FB /* ButtonColorCell.swift */ = {isa = PBXFileReference; lastKnownFileType = sourcecode.swift; path = ButtonColorCell.swift; sourceTree = "<group>"; };
		CB7024DE2A10F712006194FB /* ButtonColorCellConstants.swift */ = {isa = PBXFileReference; lastKnownFileType = sourcecode.swift; path = ButtonColorCellConstants.swift; sourceTree = "<group>"; };
		CB7CA7832A03B16C00574395 /* MainViewModel.swift */ = {isa = PBXFileReference; lastKnownFileType = sourcecode.swift; path = MainViewModel.swift; sourceTree = "<group>"; };
		CB7CA7852A03B28000574395 /* MainModel.swift */ = {isa = PBXFileReference; lastKnownFileType = sourcecode.swift; path = MainModel.swift; sourceTree = "<group>"; };
		CB80B1CE29E5393600298F3C /* .swiftlint.yml */ = {isa = PBXFileReference; lastKnownFileType = text.yaml; path = .swiftlint.yml; sourceTree = "<group>"; };
		CB80B1D129E53AA200298F3C /* MainViewController.swift */ = {isa = PBXFileReference; lastKnownFileType = sourcecode.swift; path = MainViewController.swift; sourceTree = "<group>"; };
		CB80B1D429E53B0000298F3C /* CoordinatorProtocol.swift */ = {isa = PBXFileReference; lastKnownFileType = sourcecode.swift; path = CoordinatorProtocol.swift; sourceTree = "<group>"; };
		CB80B1D629E53B7B00298F3C /* MainCoordinator.swift */ = {isa = PBXFileReference; lastKnownFileType = sourcecode.swift; path = MainCoordinator.swift; sourceTree = "<group>"; };
		CB80B1DC29E53F3300298F3C /* MainViewControllerConstants.swift */ = {isa = PBXFileReference; lastKnownFileType = sourcecode.swift; path = MainViewControllerConstants.swift; sourceTree = "<group>"; };
		CB80B1F629E5468200298F3C /* ObjectListCell.swift */ = {isa = PBXFileReference; lastKnownFileType = sourcecode.swift; path = ObjectListCell.swift; sourceTree = "<group>"; };
		CB8F403F2A161DF900AD9D89 /* SFSymbolsSystemName.swift */ = {isa = PBXFileReference; lastKnownFileType = sourcecode.swift; path = SFSymbolsSystemName.swift; sourceTree = "<group>"; };
		CB9A9C862A10C6A40065F5A5 /* DefaultListViewController.swift */ = {isa = PBXFileReference; lastKnownFileType = sourcecode.swift; path = DefaultListViewController.swift; sourceTree = "<group>"; };
		CB9A9C882A10C8C90065F5A5 /* DefaultViewControllerConstants.swift */ = {isa = PBXFileReference; lastKnownFileType = sourcecode.swift; path = DefaultViewControllerConstants.swift; sourceTree = "<group>"; };
		CB9A9C8A2A10CC940065F5A5 /* ButtonCoordinator.swift */ = {isa = PBXFileReference; lastKnownFileType = sourcecode.swift; path = ButtonCoordinator.swift; sourceTree = "<group>"; };
		CB9A9C8C2A10CCB70065F5A5 /* ButtonViewModel.swift */ = {isa = PBXFileReference; lastKnownFileType = sourcecode.swift; path = ButtonViewModel.swift; sourceTree = "<group>"; };
		CBAAA2432A08CC8200773E0C /* ButtonViewController.swift */ = {isa = PBXFileReference; lastKnownFileType = sourcecode.swift; path = ButtonViewController.swift; sourceTree = "<group>"; };
		CBAAA2452A08CCB600773E0C /* ViewModelProtocol.swift */ = {isa = PBXFileReference; lastKnownFileType = sourcecode.swift; path = ViewModelProtocol.swift; sourceTree = "<group>"; };
		CBAAA2472A08CD4800773E0C /* Test.storyboard */ = {isa = PBXFileReference; lastKnownFileType = file.storyboard; path = Test.storyboard; sourceTree = "<group>"; };
		CBAAA24B2A08D26C00773E0C /* LabelFontSizeCell.swift */ = {isa = PBXFileReference; lastKnownFileType = sourcecode.swift; path = LabelFontSizeCell.swift; sourceTree = "<group>"; };
		CBAAA2512A08D61900773E0C /* LabelTextCellConstants.swift */ = {isa = PBXFileReference; lastKnownFileType = sourcecode.swift; path = LabelTextCellConstants.swift; sourceTree = "<group>"; };
		CBAAA2532A08D65400773E0C /* LabelColorCellConstants.swift */ = {isa = PBXFileReference; lastKnownFileType = sourcecode.swift; path = LabelColorCellConstants.swift; sourceTree = "<group>"; };
		CBAAA2552A08D67E00773E0C /* LabelFontCellConstants.swift */ = {isa = PBXFileReference; lastKnownFileType = sourcecode.swift; path = LabelFontCellConstants.swift; sourceTree = "<group>"; };
		CBAAA2572A08D6A000773E0C /* LabelAlignmentCellConstants.swift */ = {isa = PBXFileReference; lastKnownFileType = sourcecode.swift; path = LabelAlignmentCellConstants.swift; sourceTree = "<group>"; };
		CBAAA2592A08D6BF00773E0C /* LabelFontSizeCellConstants.swift */ = {isa = PBXFileReference; lastKnownFileType = sourcecode.swift; path = LabelFontSizeCellConstants.swift; sourceTree = "<group>"; };
		CBBBC88A2A134D8400213A2A /* ButtonSettingListData.swift */ = {isa = PBXFileReference; lastKnownFileType = sourcecode.swift; path = ButtonSettingListData.swift; sourceTree = "<group>"; };
		CBBBC88C2A134DC900213A2A /* LabelSettingListData.swift */ = {isa = PBXFileReference; lastKnownFileType = sourcecode.swift; path = LabelSettingListData.swift; sourceTree = "<group>"; };
		CBBBC88E2A13706E00213A2A /* ButtonText.swift */ = {isa = PBXFileReference; lastKnownFileType = sourcecode.swift; path = ButtonText.swift; sourceTree = "<group>"; };
		CBBBC8902A13707800213A2A /* ButtonFontSize.swift */ = {isa = PBXFileReference; lastKnownFileType = sourcecode.swift; path = ButtonFontSize.swift; sourceTree = "<group>"; };
		CBBBC89A2A137CCB00213A2A /* ButtonTextCell.swift */ = {isa = PBXFileReference; lastKnownFileType = sourcecode.swift; path = ButtonTextCell.swift; sourceTree = "<group>"; };
		CBBBC89C2A137CEB00213A2A /* ButtonFontSizeCell.swift */ = {isa = PBXFileReference; lastKnownFileType = sourcecode.swift; path = ButtonFontSizeCell.swift; sourceTree = "<group>"; };
		CBBBC89E2A137D0E00213A2A /* ButtonTextCellConstants.swift */ = {isa = PBXFileReference; lastKnownFileType = sourcecode.swift; path = ButtonTextCellConstants.swift; sourceTree = "<group>"; };
		CBBBC8A02A137D2200213A2A /* ButtonFontSizeCellConstants.swift */ = {isa = PBXFileReference; lastKnownFileType = sourcecode.swift; path = ButtonFontSizeCellConstants.swift; sourceTree = "<group>"; };
		CBBBC8A22A137F1E00213A2A /* ButtonConfigurationViewModel.swift */ = {isa = PBXFileReference; lastKnownFileType = sourcecode.swift; path = ButtonConfigurationViewModel.swift; sourceTree = "<group>"; };
		CBBEBC312A0FC90200A0DFE0 /* LabelSettingListSectionModel.swift */ = {isa = PBXFileReference; lastKnownFileType = sourcecode.swift; path = LabelSettingListSectionModel.swift; sourceTree = "<group>"; };
		CBBEBC352A0FCB8E00A0DFE0 /* ObjectFontType.swift */ = {isa = PBXFileReference; lastKnownFileType = sourcecode.swift; path = ObjectFontType.swift; sourceTree = "<group>"; };
		CBBEBC372A0FCC1B00A0DFE0 /* ObjectAlignmentType.swift */ = {isa = PBXFileReference; lastKnownFileType = sourcecode.swift; path = ObjectAlignmentType.swift; sourceTree = "<group>"; };
		CBC323822A0604DD00C5B6D1 /* ObjectListCellConstants.swift */ = {isa = PBXFileReference; lastKnownFileType = sourcecode.swift; path = ObjectListCellConstants.swift; sourceTree = "<group>"; };
		CBC323962A06BF5100C5B6D1 /* ObjectSectionModel.swift */ = {isa = PBXFileReference; lastKnownFileType = sourcecode.swift; path = ObjectSectionModel.swift; sourceTree = "<group>"; };
		CBC6073E29C1C733008B6BA9 /* UITableViewCellReigster.swift */ = {isa = PBXFileReference; lastKnownFileType = sourcecode.swift; path = UITableViewCellReigster.swift; sourceTree = "<group>"; };
		CBC6074429C1D09D008B6BA9 /* ObjectType.swift */ = {isa = PBXFileReference; lastKnownFileType = sourcecode.swift; path = ObjectType.swift; sourceTree = "<group>"; };
		CBC6074A29C1D28F008B6BA9 /* UITableViewHeaderFooterViewRegister.swift */ = {isa = PBXFileReference; lastKnownFileType = sourcecode.swift; path = UITableViewHeaderFooterViewRegister.swift; sourceTree = "<group>"; };
		CBD2FC7B2A0B6D73008033CF /* LabelCodeCell.swift */ = {isa = PBXFileReference; lastKnownFileType = sourcecode.swift; path = LabelCodeCell.swift; sourceTree = "<group>"; };
		CBD2FC7D2A0B6DBF008033CF /* LabelCodeCellConstants.swift */ = {isa = PBXFileReference; lastKnownFileType = sourcecode.swift; path = LabelCodeCellConstants.swift; sourceTree = "<group>"; };
		CBDD7F862A18BBBA0081953C /* NavgationBarCoordinator.swift */ = {isa = PBXFileReference; lastKnownFileType = sourcecode.swift; path = NavgationBarCoordinator.swift; sourceTree = "<group>"; };
		CBDD7F882A18BBCC0081953C /* NavigationBarController.swift */ = {isa = PBXFileReference; lastKnownFileType = sourcecode.swift; path = NavigationBarController.swift; sourceTree = "<group>"; };
		CBDD7F8A2A18C76E0081953C /* UIColor+.swift */ = {isa = PBXFileReference; lastKnownFileType = sourcecode.swift; path = "UIColor+.swift"; sourceTree = "<group>"; };
		CBDE6E1D29E54B170068BA0A /* LabelViewController.swift */ = {isa = PBXFileReference; lastKnownFileType = sourcecode.swift; path = LabelViewController.swift; sourceTree = "<group>"; };
		CBDE6E6429E5599B0068BA0A /* LabelColorCell.swift */ = {isa = PBXFileReference; lastKnownFileType = sourcecode.swift; path = LabelColorCell.swift; sourceTree = "<group>"; };
		CBE4FA392A13D5A900479A8F /* ButtonConfigurationModel.swift */ = {isa = PBXFileReference; lastKnownFileType = sourcecode.swift; path = ButtonConfigurationModel.swift; sourceTree = "<group>"; };
		CBEA97312A127692006D95E3 /* ButtonImageCell.swift */ = {isa = PBXFileReference; lastKnownFileType = sourcecode.swift; path = ButtonImageCell.swift; sourceTree = "<group>"; };
		CBEA97332A12770F006D95E3 /* ButtonImageCellConstants.swift */ = {isa = PBXFileReference; lastKnownFileType = sourcecode.swift; path = ButtonImageCellConstants.swift; sourceTree = "<group>"; };
		CBF4396A29C1C014003E85B3 /* AppDelegate.swift */ = {isa = PBXFileReference; lastKnownFileType = sourcecode.swift; path = AppDelegate.swift; sourceTree = "<group>"; };
		CBF4396C29C1C014003E85B3 /* SceneDelegate.swift */ = {isa = PBXFileReference; lastKnownFileType = sourcecode.swift; path = SceneDelegate.swift; sourceTree = "<group>"; };
		CBF4397329C1C015003E85B3 /* Assets.xcassets */ = {isa = PBXFileReference; lastKnownFileType = folder.assetcatalog; path = Assets.xcassets; sourceTree = "<group>"; };
		CBF4397629C1C015003E85B3 /* Base */ = {isa = PBXFileReference; lastKnownFileType = file.storyboard; name = Base; path = Base.lproj/LaunchScreen.storyboard; sourceTree = "<group>"; };
		CBF4397829C1C015003E85B3 /* Info.plist */ = {isa = PBXFileReference; lastKnownFileType = text.plist.xml; path = Info.plist; sourceTree = "<group>"; };
		CBF4D51B29E818830099A698 /* iOS UIKit.app */ = {isa = PBXFileReference; explicitFileType = wrapper.application; includeInIndex = 0; path = "iOS UIKit.app"; sourceTree = BUILT_PRODUCTS_DIR; };
		CBFCD0AD2A1496CC0085A398 /* DefaultViewController.swift */ = {isa = PBXFileReference; lastKnownFileType = sourcecode.swift; path = DefaultViewController.swift; sourceTree = "<group>"; };
/* End PBXFileReference section */

/* Begin PBXFrameworksBuildPhase section */
		CBF4396429C1C014003E85B3 /* Frameworks */ = {
			isa = PBXFrameworksBuildPhase;
			buildActionMask = 2147483647;
			files = (
				43413F146E412DBD232595C2 /* Pods_iOS_UIKit.framework in Frameworks */,
			);
			runOnlyForDeploymentPostprocessing = 0;
		};
/* End PBXFrameworksBuildPhase section */

/* Begin PBXGroup section */
		236C849C1287FCEEFA236D41 /* Frameworks */ = {
			isa = PBXGroup;
			children = (
				1F93BFF65E4CEB06C0BB4E1E /* Pods_iOS_UIKit.framework */,
			);
			name = Frameworks;
			sourceTree = "<group>";
		};
		7BBA19F9CA92FA1005E33D36 /* Pods */ = {
			isa = PBXGroup;
			children = (
				AAB5714282B436375042CEEF /* Pods-iOS UIKit.debug.xcconfig */,
				82DCA29C72000ECC48502CFC /* Pods-iOS UIKit.release.xcconfig */,
			);
			path = Pods;
			sourceTree = "<group>";
		};
		CB1BE6792A0CE74D00485B4F /* ViewController */ = {
			isa = PBXGroup;
			children = (
				CB80B1D129E53AA200298F3C /* MainViewController.swift */,
			);
			path = ViewController;
			sourceTree = "<group>";
		};
		CB1BE67A2A0CE75600485B4F /* Coordinator */ = {
			isa = PBXGroup;
			children = (
				CB33D35A29E8446D00FDAAAF /* ChildCoordinatorFactory.swift */,
				CB80B1D629E53B7B00298F3C /* MainCoordinator.swift */,
			);
			path = Coordinator;
			sourceTree = "<group>";
		};
		CB1BE67B2A0CE75E00485B4F /* ViewModel */ = {
			isa = PBXGroup;
			children = (
				CB7CA7832A03B16C00574395 /* MainViewModel.swift */,
			);
			path = ViewModel;
			sourceTree = "<group>";
		};
		CB1BE67C2A0CE76100485B4F /* Model */ = {
			isa = PBXGroup;
			children = (
				CB7CA7852A03B28000574395 /* MainModel.swift */,
				CBC6074429C1D09D008B6BA9 /* ObjectType.swift */,
				CBC323962A06BF5100C5B6D1 /* ObjectSectionModel.swift */,
				CB10C86C2A173C3100BC1968 /* ObjectListData.swift */,
				CBBEBC262A0F9ABC00A0DFE0 /* Constants */,
			);
			path = Model;
			sourceTree = "<group>";
		};
		CB1BE67D2A0CE76B00485B4F /* View */ = {
			isa = PBXGroup;
			children = (
				CBC323802A0604BE00C5B6D1 /* ObjectListCell */,
			);
			path = View;
			sourceTree = "<group>";
		};
		CB1BE67F2A0CE7B800485B4F /* View */ = {
			isa = PBXGroup;
			children = (
				CB33D35729E839C800FDAAAF /* LabelSettingListCell */,
			);
			path = View;
			sourceTree = "<group>";
		};
		CB1BE6802A0CE7C000485B4F /* Model */ = {
			isa = PBXGroup;
			children = (
				CBBEBC312A0FC90200A0DFE0 /* LabelSettingListSectionModel.swift */,
				CBBBC88C2A134DC900213A2A /* LabelSettingListData.swift */,
				CB4D1EC72A0D1691000EC05C /* LabelModel.swift */,
				CB7024C62A10EF23006194FB /* Constatnts */,
			);
			path = Model;
			sourceTree = "<group>";
		};
		CB1BE6812A0CE7C200485B4F /* ViewModel */ = {
			isa = PBXGroup;
			children = (
				CB33D35329E82EB500FDAAAF /* LabelViewModel.swift */,
			);
			path = ViewModel;
			sourceTree = "<group>";
		};
		CB1BE6822A0CE7C500485B4F /* ViewController */ = {
			isa = PBXGroup;
			children = (
				CBDE6E1D29E54B170068BA0A /* LabelViewController.swift */,
			);
			path = ViewController;
			sourceTree = "<group>";
		};
		CB1BE6832A0CE7D200485B4F /* Coordinator */ = {
			isa = PBXGroup;
			children = (
				CB421FC129E5B3180014DC4F /* LabelCoordinator.swift */,
			);
			path = Coordinator;
			sourceTree = "<group>";
		};
		CB1BE6852A0CE80500485B4F /* ViewController */ = {
			isa = PBXGroup;
			children = (
				CBAAA2432A08CC8200773E0C /* ButtonViewController.swift */,
			);
			path = ViewController;
			sourceTree = "<group>";
		};
		CB1BE6862A0CE81100485B4F /* View */ = {
			isa = PBXGroup;
			children = (
				CB5715082A0A2A8500365646 /* SFSymbolsCollectionViewCell */,
			);
			path = View;
			sourceTree = "<group>";
		};
		CB1BE6872A0CE81500485B4F /* Model */ = {
			isa = PBXGroup;
			children = (
				CB5715122A0A35F400365646 /* SFSymbolsModel.swift */,
				CB8F403F2A161DF900AD9D89 /* SFSymbolsSystemName.swift */,
				CB8F403E2A1618B900AD9D89 /* Constants */,
			);
			path = Model;
			sourceTree = "<group>";
		};
		CB1BE6882A0CE81700485B4F /* ViewModel */ = {
			isa = PBXGroup;
			children = (
				CB5715102A0A359900365646 /* SFSymbolsViewModel.swift */,
			);
			path = ViewModel;
			sourceTree = "<group>";
		};
		CB1BE6892A0CE81C00485B4F /* ViewController */ = {
			isa = PBXGroup;
			children = (
				CB5714FE2A0A22D300365646 /* SFSymbolsViewController.swift */,
			);
			path = ViewController;
			sourceTree = "<group>";
		};
		CB1BE68A2A0CE82100485B4F /* Coordinator */ = {
			isa = PBXGroup;
			children = (
				CB57150B2A0A2E1300365646 /* SFSymbolsCoordinator.swift */,
			);
			path = Coordinator;
			sourceTree = "<group>";
		};
		CB33D35729E839C800FDAAAF /* LabelSettingListCell */ = {
			isa = PBXGroup;
			children = (
				CBD2FC7B2A0B6D73008033CF /* LabelCodeCell.swift */,
				CB421FC629E5B8AD0014DC4F /* LabelTextCell.swift */,
				CBDE6E6429E5599B0068BA0A /* LabelColorCell.swift */,
				CB421FB329E5AA670014DC4F /* LabelFontCell.swift */,
				CBAAA24B2A08D26C00773E0C /* LabelFontSizeCell.swift */,
				CB33D35829E83A5400FDAAAF /* LabelAlignmentCell.swift */,
				CB6613C02A093A6900515AED /* LabelNumberOfLinesCell.swift */,
			);
			path = LabelSettingListCell;
			sourceTree = "<group>";
		};
		CB3A90A92A121CC8001CC138 /* DefaultSettingListHeaderView */ = {
			isa = PBXGroup;
			children = (
				CB3A90AA2A121CD8001CC138 /* DefaultSettingListHeaderView.swift */,
			);
			path = DefaultSettingListHeaderView;
			sourceTree = "<group>";
		};
		CB5714FD2A0A22BC00365646 /* SFSymbolsScene */ = {
			isa = PBXGroup;
			children = (
				CB1BE68A2A0CE82100485B4F /* Coordinator */,
				CB1BE6892A0CE81C00485B4F /* ViewController */,
				CB1BE6862A0CE81100485B4F /* View */,
				CB1BE6882A0CE81700485B4F /* ViewModel */,
				CB1BE6872A0CE81500485B4F /* Model */,
			);
			path = SFSymbolsScene;
			sourceTree = "<group>";
		};
		CB5715082A0A2A8500365646 /* SFSymbolsCollectionViewCell */ = {
			isa = PBXGroup;
			children = (
				CB5715062A0A2A7E00365646 /* SFSymbolsCollectionViewCell.swift */,
			);
			path = SFSymbolsCollectionViewCell;
			sourceTree = "<group>";
		};
		CB7024A72A10E001006194FB /* DefaultScene */ = {
			isa = PBXGroup;
			children = (
				CB7024A82A10E181006194FB /* ViewController */,
				CB7024A92A10E186006194FB /* View */,
				CB7024AA2A10E188006194FB /* ViewModel */,
				CB7024AB2A10E18A006194FB /* Model */,
			);
			path = DefaultScene;
			sourceTree = "<group>";
		};
		CB7024A82A10E181006194FB /* ViewController */ = {
			isa = PBXGroup;
			children = (
				CB9A9C862A10C6A40065F5A5 /* DefaultListViewController.swift */,
				CBFCD0AD2A1496CC0085A398 /* DefaultViewController.swift */,
			);
			path = ViewController;
			sourceTree = "<group>";
		};
		CB7024A92A10E186006194FB /* View */ = {
			isa = PBXGroup;
			children = (
				CB3A90A92A121CC8001CC138 /* DefaultSettingListHeaderView */,
				CB7024C52A10EEC9006194FB /* DefaultSettingListCell */,
			);
			path = View;
			sourceTree = "<group>";
		};
		CB7024AA2A10E188006194FB /* ViewModel */ = {
			isa = PBXGroup;
			children = (
			);
			path = ViewModel;
			sourceTree = "<group>";
		};
		CB7024AB2A10E18A006194FB /* Model */ = {
			isa = PBXGroup;
			children = (
				CB4D1EDD2A0D180A000EC05C /* ObjectColor.swift */,
				CB7024C82A10EF7A006194FB /* Constants */,
				CB7024C72A10EF77006194FB /* Type */,
			);
			path = Model;
			sourceTree = "<group>";
		};
		CB7024C52A10EEC9006194FB /* DefaultSettingListCell */ = {
			isa = PBXGroup;
			children = (
				CB7024AE2A10E285006194FB /* DefaultCell.swift */,
				CB7024AC2A10E264006194FB /* DefaultCodeCell.swift */,
				CB7024B52A10E5A8006194FB /* DefaultTextCell.swift */,
				CB7024B92A10E75B006194FB /* DefaultColorCell.swift */,
				CB7024BD2A10EA84006194FB /* DefaultFontCell.swift */,
				CB7024C12A10EC35006194FB /* DefaultFontSizeCell.swift */,
				CB3A909D2A120DD4001CC138 /* DefaultLabelCell.swift */,
			);
			path = DefaultSettingListCell;
			sourceTree = "<group>";
		};
		CB7024C62A10EF23006194FB /* Constatnts */ = {
			isa = PBXGroup;
			children = (
				CB421FB729E5ABAA0014DC4F /* LabelViewControllerConstants.swift */,
				CBD2FC7D2A0B6DBF008033CF /* LabelCodeCellConstants.swift */,
				CBAAA2512A08D61900773E0C /* LabelTextCellConstants.swift */,
				CBAAA2532A08D65400773E0C /* LabelColorCellConstants.swift */,
				CBAAA2552A08D67E00773E0C /* LabelFontCellConstants.swift */,
				CBAAA2592A08D6BF00773E0C /* LabelFontSizeCellConstants.swift */,
				CBAAA2572A08D6A000773E0C /* LabelAlignmentCellConstants.swift */,
				CB6613C22A093A9700515AED /* LabelNumberOfLinesCellConstants.swift */,
			);
			path = Constatnts;
			sourceTree = "<group>";
		};
		CB7024C72A10EF77006194FB /* Type */ = {
			isa = PBXGroup;
			children = (
				CB421FB929E5ADDC0014DC4F /* ObjectColorType.swift */,
				CBBEBC352A0FCB8E00A0DFE0 /* ObjectFontType.swift */,
				CBBEBC372A0FCC1B00A0DFE0 /* ObjectAlignmentType.swift */,
			);
			path = Type;
			sourceTree = "<group>";
		};
		CB7024C82A10EF7A006194FB /* Constants */ = {
			isa = PBXGroup;
			children = (
				CB9A9C882A10C8C90065F5A5 /* DefaultViewControllerConstants.swift */,
				CB7024B02A10E374006194FB /* DefaultCodeCellConstants.swift */,
				CB7024B72A10E614006194FB /* DefaultTextCellConstants.swift */,
				CB7024BB2A10E8A6006194FB /* DefaultColorCellConstants.swift */,
				CB7024BF2A10EB33006194FB /* DefaultFontCellConstants.swift */,
				CB7024C32A10EC5D006194FB /* DefaultFontSizeCellConstants.swift */,
				CB3A909F2A120E08001CC138 /* DefaultLabelCellConstants.swift */,
				CB3A90AC2A12200D001CC138 /* DefaultSettingListHeaderViewConstants.swift */,
			);
			path = Constants;
			sourceTree = "<group>";
		};
		CB7024C92A10EFDC006194FB /* Type */ = {
			isa = PBXGroup;
			children = (
				CB5714E22A0A0E6D00365646 /* ButtonStyleType.swift */,
				CB5715142A0A44B700365646 /* ButtonCornerStyleType.swift */,
				CB5715162A0A468600365646 /* ButtonImagePlacementType.swift */,
				CB02771B2A11FDEE00FA8C15 /* ButtonTitleAlignmentType.swift */,
				CB3A90AE2A123078001CC138 /* ButtonTitleType.swift */,
			);
			path = Type;
			sourceTree = "<group>";
		};
		CB7024CA2A10EFE3006194FB /* Constants */ = {
			isa = PBXGroup;
			children = (
				CB5714D52A0A098F00365646 /* ButtonViewControllerConstants.swift */,
				CB7024CE2A10F373006194FB /* ButtonCodeCellConstants.swift */,
				CB7024D82A10F686006194FB /* ButtonFontCellConstants.swift */,
				CB7024DE2A10F712006194FB /* ButtonColorCellConstants.swift */,
				CB3A90A52A121361001CC138 /* ButtonLabelCellConstants.swift */,
				CBEA97332A12770F006D95E3 /* ButtonImageCellConstants.swift */,
				CBBBC89E2A137D0E00213A2A /* ButtonTextCellConstants.swift */,
				CBBBC8A02A137D2200213A2A /* ButtonFontSizeCellConstants.swift */,
			);
			path = Constants;
			sourceTree = "<group>";
		};
		CB7024CB2A10F1CE006194FB /* ButtonSettingListCell */ = {
			isa = PBXGroup;
			children = (
				CB7024CC2A10F1DC006194FB /* ButtonCodeCell.swift */,
				CB7024D42A10F647006194FB /* ButtonFontCell.swift */,
				CB7024DC2A10F6FA006194FB /* ButtonColorCell.swift */,
				CB3A90A32A121348001CC138 /* ButtonLabelCell.swift */,
				CBEA97312A127692006D95E3 /* ButtonImageCell.swift */,
				CBBBC89A2A137CCB00213A2A /* ButtonTextCell.swift */,
				CBBBC89C2A137CEB00213A2A /* ButtonFontSizeCell.swift */,
			);
			path = ButtonSettingListCell;
			sourceTree = "<group>";
		};
		CB7705082A16843E00DA7B77 /* NavigationBarScene */ = {
			isa = PBXGroup;
			children = (
				CBDD7F862A18BBBA0081953C /* NavgationBarCoordinator.swift */,
				CBDD7F882A18BBCC0081953C /* NavigationBarController.swift */,
			);
			path = NavigationBarScene;
			sourceTree = "<group>";
		};
		CB80B1D029E53A8D00298F3C /* Scene */ = {
			isa = PBXGroup;
			children = (
				CB7024A72A10E001006194FB /* DefaultScene */,
				CB7705082A16843E00DA7B77 /* NavigationBarScene */,
				CB80B1D329E53AA700298F3C /* MainViewScene */,
				CBDE6E1C29E54B0A0068BA0A /* LabelViewScene */,
				CBAAA2422A08CC6C00773E0C /* ButtonViewScene */,
				CB5714FD2A0A22BC00365646 /* SFSymbolsScene */,
			);
			path = Scene;
			sourceTree = "<group>";
		};
		CB80B1D329E53AA700298F3C /* MainViewScene */ = {
			isa = PBXGroup;
			children = (
				CB1BE67A2A0CE75600485B4F /* Coordinator */,
				CB1BE6792A0CE74D00485B4F /* ViewController */,
				CB1BE67D2A0CE76B00485B4F /* View */,
				CB1BE67B2A0CE75E00485B4F /* ViewModel */,
				CB1BE67C2A0CE76100485B4F /* Model */,
			);
			path = MainViewScene;
			sourceTree = "<group>";
		};
		CB8F403E2A1618B900AD9D89 /* Constants */ = {
			isa = PBXGroup;
			children = (
				CB5715022A0A232400365646 /* SFSymbolsViewControllerConstants.swift */,
				CB5715092A0A2AC300365646 /* SFSymbolsCollectionViewCellConstants.swift */,
			);
			path = Constants;
			sourceTree = "<group>";
		};
		CB9A9C812A10C5460065F5A5 /* Coordinator */ = {
			isa = PBXGroup;
			children = (
				CB9A9C8A2A10CC940065F5A5 /* ButtonCoordinator.swift */,
			);
			path = Coordinator;
			sourceTree = "<group>";
		};
		CB9A9C822A10C5510065F5A5 /* View */ = {
			isa = PBXGroup;
			children = (
				CB7024CB2A10F1CE006194FB /* ButtonSettingListCell */,
			);
			path = View;
			sourceTree = "<group>";
		};
		CB9A9C832A10C5540065F5A5 /* ViewModel */ = {
			isa = PBXGroup;
			children = (
				CB9A9C8C2A10CCB70065F5A5 /* ButtonViewModel.swift */,
				CBBBC8A22A137F1E00213A2A /* ButtonConfigurationViewModel.swift */,
			);
			path = ViewModel;
			sourceTree = "<group>";
		};
		CB9A9CA32A10DD8E0065F5A5 /* Model */ = {
			isa = PBXGroup;
			children = (
				CB0277172A11FAAE00FA8C15 /* ButtonModel.swift */,
				CBE4FA392A13D5A900479A8F /* ButtonConfigurationModel.swift */,
				CBBBC8A42A1381B600213A2A /* Entity */,
				CB7024CA2A10EFE3006194FB /* Constants */,
				CB7024C92A10EFDC006194FB /* Type */,
			);
			path = Model;
			sourceTree = "<group>";
		};
		CB9A9CA62A10DE360065F5A5 /* App */ = {
			isa = PBXGroup;
			children = (
				CBF4396A29C1C014003E85B3 /* AppDelegate.swift */,
				CBF4396C29C1C014003E85B3 /* SceneDelegate.swift */,
			);
			path = App;
			sourceTree = "<group>";
		};
		CB9A9CA72A10DE3D0065F5A5 /* Resource */ = {
			isa = PBXGroup;
			children = (
				CBF4397529C1C015003E85B3 /* LaunchScreen.storyboard */,
				CBAAA2472A08CD4800773E0C /* Test.storyboard */,
				CBF4397329C1C015003E85B3 /* Assets.xcassets */,
			);
			path = Resource;
			sourceTree = "<group>";
		};
		CBAAA2422A08CC6C00773E0C /* ButtonViewScene */ = {
			isa = PBXGroup;
			children = (
				CB9A9C812A10C5460065F5A5 /* Coordinator */,
				CB1BE6852A0CE80500485B4F /* ViewController */,
				CB9A9C822A10C5510065F5A5 /* View */,
				CB9A9C832A10C5540065F5A5 /* ViewModel */,
				CB9A9CA32A10DD8E0065F5A5 /* Model */,
			);
			path = ButtonViewScene;
			sourceTree = "<group>";
		};
		CBBBC8A42A1381B600213A2A /* Entity */ = {
			isa = PBXGroup;
			children = (
				CBBBC88A2A134D8400213A2A /* ButtonSettingListData.swift */,
				CB0277192A11FACE00FA8C15 /* ButtonSettingListSectionType.swift */,
				CBBBC88E2A13706E00213A2A /* ButtonText.swift */,
				CBBBC8902A13707800213A2A /* ButtonFontSize.swift */,
			);
			path = Entity;
			sourceTree = "<group>";
		};
		CBBEBC262A0F9ABC00A0DFE0 /* Constants */ = {
			isa = PBXGroup;
			children = (
				CBC323822A0604DD00C5B6D1 /* ObjectListCellConstants.swift */,
				CB80B1DC29E53F3300298F3C /* MainViewControllerConstants.swift */,
			);
			path = Constants;
			sourceTree = "<group>";
		};
		CBC323802A0604BE00C5B6D1 /* ObjectListCell */ = {
			isa = PBXGroup;
			children = (
				CB80B1F629E5468200298F3C /* ObjectListCell.swift */,
			);
			path = ObjectListCell;
			sourceTree = "<group>";
		};
		CBC6073D29C1C71F008B6BA9 /* Protocol */ = {
			isa = PBXGroup;
			children = (
				CBC6073E29C1C733008B6BA9 /* UITableViewCellReigster.swift */,
				CBC6074A29C1D28F008B6BA9 /* UITableViewHeaderFooterViewRegister.swift */,
				CB5715042A0A2A5F00365646 /* UICollectionViewCellRegister.swift */,
				CB80B1D429E53B0000298F3C /* CoordinatorProtocol.swift */,
				CBAAA2452A08CCB600773E0C /* ViewModelProtocol.swift */,
				CB7024B32A10E42F006194FB /* LabelSettingListCellProtocol.swift */,
				CB3A90A72A12163F001CC138 /* ButtonSettingListCellProtocol.swift */,
			);
			path = Protocol;
			sourceTree = "<group>";
		};
		CBDD7F8C2A18D9F40081953C /* Extension */ = {
			isa = PBXGroup;
			children = (
				CBDD7F8A2A18C76E0081953C /* UIColor+.swift */,
			);
			path = Extension;
			sourceTree = "<group>";
		};
		CBDE6E1C29E54B0A0068BA0A /* LabelViewScene */ = {
			isa = PBXGroup;
			children = (
				CB1BE6832A0CE7D200485B4F /* Coordinator */,
				CB1BE6822A0CE7C500485B4F /* ViewController */,
				CB1BE67F2A0CE7B800485B4F /* View */,
				CB1BE6812A0CE7C200485B4F /* ViewModel */,
				CB1BE6802A0CE7C000485B4F /* Model */,
			);
			path = LabelViewScene;
			sourceTree = "<group>";
		};
		CBF4395E29C1C014003E85B3 = {
			isa = PBXGroup;
			children = (
				CB80B1CE29E5393600298F3C /* .swiftlint.yml */,
				CBF4D51B29E818830099A698 /* iOS UIKit.app */,
				CBF4396929C1C014003E85B3 /* iOS UIKit */,
				7BBA19F9CA92FA1005E33D36 /* Pods */,
				236C849C1287FCEEFA236D41 /* Frameworks */,
			);
			sourceTree = "<group>";
		};
		CBF4396929C1C014003E85B3 /* iOS UIKit */ = {
			isa = PBXGroup;
			children = (
				CB9A9CA62A10DE360065F5A5 /* App */,
				CBC6073D29C1C71F008B6BA9 /* Protocol */,
				CBDD7F8C2A18D9F40081953C /* Extension */,
				CB80B1D029E53A8D00298F3C /* Scene */,
				CB9A9CA72A10DE3D0065F5A5 /* Resource */,
				CBF4397829C1C015003E85B3 /* Info.plist */,
			);
			path = "iOS UIKit";
			sourceTree = "<group>";
		};
/* End PBXGroup section */

/* Begin PBXNativeTarget section */
		CBF4396629C1C014003E85B3 /* iOS UIKit */ = {
			isa = PBXNativeTarget;
			buildConfigurationList = CBF4397B29C1C015003E85B3 /* Build configuration list for PBXNativeTarget "iOS UIKit" */;
			buildPhases = (
				A554040C553CF1E54657D43B /* [CP] Check Pods Manifest.lock */,
				CBF4396329C1C014003E85B3 /* Sources */,
				CBF4396429C1C014003E85B3 /* Frameworks */,
				CBF4396529C1C014003E85B3 /* Resources */,
				CB73DC742A087E3E0011CAFF /* ShellScript */,
				54ECC583C41689C54C12200F /* [CP] Embed Pods Frameworks */,
			);
			buildRules = (
			);
			dependencies = (
			);
			name = "iOS UIKit";
			productName = "UI-iOS";
			productReference = CBF4D51B29E818830099A698 /* iOS UIKit.app */;
			productType = "com.apple.product-type.application";
		};
/* End PBXNativeTarget section */

/* Begin PBXProject section */
		CBF4395F29C1C014003E85B3 /* Project object */ = {
			isa = PBXProject;
			attributes = {
				BuildIndependentTargetsInParallel = 1;
				LastSwiftUpdateCheck = 1420;
				LastUpgradeCheck = 1420;
				TargetAttributes = {
					CBF4396629C1C014003E85B3 = {
						CreatedOnToolsVersion = 14.2;
					};
				};
			};
			buildConfigurationList = CBF4396229C1C014003E85B3 /* Build configuration list for PBXProject "iOS UIKit" */;
			compatibilityVersion = "Xcode 14.0";
			developmentRegion = en;
			hasScannedForEncodings = 0;
			knownRegions = (
				en,
				Base,
			);
			mainGroup = CBF4395E29C1C014003E85B3;
			productRefGroup = CBF4395E29C1C014003E85B3;
			projectDirPath = "";
			projectRoot = "";
			targets = (
				CBF4396629C1C014003E85B3 /* iOS UIKit */,
			);
		};
/* End PBXProject section */

/* Begin PBXResourcesBuildPhase section */
		CBF4396529C1C014003E85B3 /* Resources */ = {
			isa = PBXResourcesBuildPhase;
			buildActionMask = 2147483647;
			files = (
				CB80B1CF29E5393600298F3C /* .swiftlint.yml in Resources */,
				CBF4397729C1C015003E85B3 /* LaunchScreen.storyboard in Resources */,
				CBAAA2482A08CD4800773E0C /* Test.storyboard in Resources */,
				CBF4397429C1C015003E85B3 /* Assets.xcassets in Resources */,
			);
			runOnlyForDeploymentPostprocessing = 0;
		};
/* End PBXResourcesBuildPhase section */

/* Begin PBXShellScriptBuildPhase section */
		54ECC583C41689C54C12200F /* [CP] Embed Pods Frameworks */ = {
			isa = PBXShellScriptBuildPhase;
			buildActionMask = 2147483647;
			files = (
			);
			inputFileListPaths = (
				"${PODS_ROOT}/Target Support Files/Pods-iOS UIKit/Pods-iOS UIKit-frameworks-${CONFIGURATION}-input-files.xcfilelist",
			);
			name = "[CP] Embed Pods Frameworks";
			outputFileListPaths = (
				"${PODS_ROOT}/Target Support Files/Pods-iOS UIKit/Pods-iOS UIKit-frameworks-${CONFIGURATION}-output-files.xcfilelist",
			);
			runOnlyForDeploymentPostprocessing = 0;
			shellPath = /bin/sh;
			shellScript = "\"${PODS_ROOT}/Target Support Files/Pods-iOS UIKit/Pods-iOS UIKit-frameworks.sh\"\n";
			showEnvVarsInLog = 0;
		};
		A554040C553CF1E54657D43B /* [CP] Check Pods Manifest.lock */ = {
			isa = PBXShellScriptBuildPhase;
			buildActionMask = 2147483647;
			files = (
			);
			inputFileListPaths = (
			);
			inputPaths = (
				"${PODS_PODFILE_DIR_PATH}/Podfile.lock",
				"${PODS_ROOT}/Manifest.lock",
			);
			name = "[CP] Check Pods Manifest.lock";
			outputFileListPaths = (
			);
			outputPaths = (
				"$(DERIVED_FILE_DIR)/Pods-iOS UIKit-checkManifestLockResult.txt",
			);
			runOnlyForDeploymentPostprocessing = 0;
			shellPath = /bin/sh;
			shellScript = "diff \"${PODS_PODFILE_DIR_PATH}/Podfile.lock\" \"${PODS_ROOT}/Manifest.lock\" > /dev/null\nif [ $? != 0 ] ; then\n    # print error to STDERR\n    echo \"error: The sandbox is not in sync with the Podfile.lock. Run 'pod install' or update your CocoaPods installation.\" >&2\n    exit 1\nfi\n# This output is used by Xcode 'outputs' to avoid re-running this script phase.\necho \"SUCCESS\" > \"${SCRIPT_OUTPUT_FILE_0}\"\n";
			showEnvVarsInLog = 0;
		};
		CB73DC742A087E3E0011CAFF /* ShellScript */ = {
			isa = PBXShellScriptBuildPhase;
			alwaysOutOfDate = 1;
			buildActionMask = 2147483647;
			files = (
			);
			inputFileListPaths = (
			);
			inputPaths = (
			);
			outputFileListPaths = (
			);
			outputPaths = (
			);
			runOnlyForDeploymentPostprocessing = 0;
			shellPath = /bin/sh;
			shellScript = "export PATH=\"$PATH:/opt/homebrew/bin\"\nif which swiftlint > /dev/null; then\n  swiftlint\nelse\n  echo \"warning: SwiftLint not installed, download from https://github.com/realm/SwiftLint\"\nfi\n";
		};
/* End PBXShellScriptBuildPhase section */

/* Begin PBXSourcesBuildPhase section */
		CBF4396329C1C014003E85B3 /* Sources */ = {
			isa = PBXSourcesBuildPhase;
			buildActionMask = 2147483647;
			files = (
				CB421FBA29E5ADDC0014DC4F /* ObjectColorType.swift in Sources */,
				CB421FB429E5AA670014DC4F /* LabelFontCell.swift in Sources */,
				CBD2FC7E2A0B6DBF008033CF /* LabelCodeCellConstants.swift in Sources */,
				CBEA97342A12770F006D95E3 /* ButtonImageCellConstants.swift in Sources */,
				CBC6073F29C1C733008B6BA9 /* UITableViewCellReigster.swift in Sources */,
				CB7024B82A10E614006194FB /* DefaultTextCellConstants.swift in Sources */,
				CB7024DF2A10F712006194FB /* ButtonColorCellConstants.swift in Sources */,
				CB7024BC2A10E8A6006194FB /* DefaultColorCellConstants.swift in Sources */,
				CB9A9C8D2A10CCB70065F5A5 /* ButtonViewModel.swift in Sources */,
				CB7024D92A10F686006194FB /* ButtonFontCellConstants.swift in Sources */,
				CBC323972A06BF5100C5B6D1 /* ObjectSectionModel.swift in Sources */,
				CBBEBC382A0FCC1B00A0DFE0 /* ObjectAlignmentType.swift in Sources */,
				CB421FC729E5B8AD0014DC4F /* LabelTextCell.swift in Sources */,
				CBF4396B29C1C014003E85B3 /* AppDelegate.swift in Sources */,
				CB7024AD2A10E264006194FB /* DefaultCodeCell.swift in Sources */,
				CB7024CF2A10F373006194FB /* ButtonCodeCellConstants.swift in Sources */,
				CB10C86D2A173C3100BC1968 /* ObjectListData.swift in Sources */,
				CB8F40402A161DF900AD9D89 /* SFSymbolsSystemName.swift in Sources */,
				CB5715072A0A2A7E00365646 /* SFSymbolsCollectionViewCell.swift in Sources */,
				CBBBC89D2A137CEB00213A2A /* ButtonFontSizeCell.swift in Sources */,
				CB7CA7862A03B28000574395 /* MainModel.swift in Sources */,
				CB5715132A0A35F400365646 /* SFSymbolsModel.swift in Sources */,
				CB5715112A0A359900365646 /* SFSymbolsViewModel.swift in Sources */,
				CBBBC89B2A137CCB00213A2A /* ButtonTextCell.swift in Sources */,
				CBAAA2462A08CCB600773E0C /* ViewModelProtocol.swift in Sources */,
				CB7CA7842A03B16C00574395 /* MainViewModel.swift in Sources */,
				CB4D1EDE2A0D180A000EC05C /* ObjectColor.swift in Sources */,
				CB7024BA2A10E75B006194FB /* DefaultColorCell.swift in Sources */,
				CBBBC8A12A137D2200213A2A /* ButtonFontSizeCellConstants.swift in Sources */,
				CBBBC8A32A137F1E00213A2A /* ButtonConfigurationViewModel.swift in Sources */,
				CBE4FA3A2A13D5A900479A8F /* ButtonConfigurationModel.swift in Sources */,
				CB7024B42A10E42F006194FB /* LabelSettingListCellProtocol.swift in Sources */,
				CB5715152A0A44B700365646 /* ButtonCornerStyleType.swift in Sources */,
				CBC6074529C1D09D008B6BA9 /* ObjectType.swift in Sources */,
				CBBEBC322A0FC90200A0DFE0 /* LabelSettingListSectionModel.swift in Sources */,
				CBFCD0AE2A1496CC0085A398 /* DefaultViewController.swift in Sources */,
				CB80B1D729E53B7B00298F3C /* MainCoordinator.swift in Sources */,
				CBBBC88F2A13706E00213A2A /* ButtonText.swift in Sources */,
				CB5715032A0A232400365646 /* SFSymbolsViewControllerConstants.swift in Sources */,
				CB6613C32A093A9700515AED /* LabelNumberOfLinesCellConstants.swift in Sources */,
				CBBBC8912A13707800213A2A /* ButtonFontSize.swift in Sources */,
				CBEA97322A127692006D95E3 /* ButtonImageCell.swift in Sources */,
				CB33D35429E82EB600FDAAAF /* LabelViewModel.swift in Sources */,
				CB7024C42A10EC5D006194FB /* DefaultFontSizeCellConstants.swift in Sources */,
				CB57150A2A0A2AC300365646 /* SFSymbolsCollectionViewCellConstants.swift in Sources */,
				CB3A90AD2A12200D001CC138 /* DefaultSettingListHeaderViewConstants.swift in Sources */,
				CB7024AF2A10E285006194FB /* DefaultCell.swift in Sources */,
				CB7024DD2A10F6FA006194FB /* ButtonColorCell.swift in Sources */,
				CB5715172A0A468600365646 /* ButtonImagePlacementType.swift in Sources */,
				CBDD7F8B2A18C76E0081953C /* UIColor+.swift in Sources */,
				CB7024B62A10E5A8006194FB /* DefaultTextCell.swift in Sources */,
				CBC6074B29C1D28F008B6BA9 /* UITableViewHeaderFooterViewRegister.swift in Sources */,
				CB7024C02A10EB33006194FB /* DefaultFontCellConstants.swift in Sources */,
				CB57150C2A0A2E1300365646 /* SFSymbolsCoordinator.swift in Sources */,
				CB9A9C872A10C6A40065F5A5 /* DefaultListViewController.swift in Sources */,
				CB5715052A0A2A5F00365646 /* UICollectionViewCellRegister.swift in Sources */,
				CBD2FC7C2A0B6D73008033CF /* LabelCodeCell.swift in Sources */,
				CBBBC88D2A134DC900213A2A /* LabelSettingListData.swift in Sources */,
				CBBEBC362A0FCB8E00A0DFE0 /* ObjectFontType.swift in Sources */,
				CB02771C2A11FDEE00FA8C15 /* ButtonTitleAlignmentType.swift in Sources */,
				CB3A90AB2A121CD8001CC138 /* DefaultSettingListHeaderView.swift in Sources */,
				CB80B1F729E5468200298F3C /* ObjectListCell.swift in Sources */,
				CB9A9C8B2A10CC940065F5A5 /* ButtonCoordinator.swift in Sources */,
				CB80B1DD29E53F3300298F3C /* MainViewControllerConstants.swift in Sources */,
				CB0277182A11FAAE00FA8C15 /* ButtonModel.swift in Sources */,
				CBAAA2582A08D6A000773E0C /* LabelAlignmentCellConstants.swift in Sources */,
				CB80B1D229E53AA200298F3C /* MainViewController.swift in Sources */,
				CBDE6E6529E5599B0068BA0A /* LabelColorCell.swift in Sources */,
				CBAAA2542A08D65400773E0C /* LabelColorCellConstants.swift in Sources */,
				CBF4396D29C1C014003E85B3 /* SceneDelegate.swift in Sources */,
				CB5714E32A0A0E6D00365646 /* ButtonStyleType.swift in Sources */,
				CBBBC89F2A137D0E00213A2A /* ButtonTextCellConstants.swift in Sources */,
				CB3A90A62A121361001CC138 /* ButtonLabelCellConstants.swift in Sources */,
				CBC323832A0604DD00C5B6D1 /* ObjectListCellConstants.swift in Sources */,
				CBAAA2562A08D67E00773E0C /* LabelFontCellConstants.swift in Sources */,
				CBDD7F872A18BBBA0081953C /* NavgationBarCoordinator.swift in Sources */,
				CB6613C12A093A6900515AED /* LabelNumberOfLinesCell.swift in Sources */,
				CB3A90A82A12163F001CC138 /* ButtonSettingListCellProtocol.swift in Sources */,
				CB33D35929E83A5400FDAAAF /* LabelAlignmentCell.swift in Sources */,
				CB421FB829E5ABAA0014DC4F /* LabelViewControllerConstants.swift in Sources */,
				CB7024D52A10F647006194FB /* ButtonFontCell.swift in Sources */,
				CBBBC88B2A134D8400213A2A /* ButtonSettingListData.swift in Sources */,
				CB3A90AF2A123078001CC138 /* ButtonTitleType.swift in Sources */,
				CB7024BE2A10EA84006194FB /* DefaultFontCell.swift in Sources */,
				CB7024CD2A10F1DC006194FB /* ButtonCodeCell.swift in Sources */,
				CBAAA25A2A08D6BF00773E0C /* LabelFontSizeCellConstants.swift in Sources */,
				CB33D35B29E8446D00FDAAAF /* ChildCoordinatorFactory.swift in Sources */,
				CBDE6E1E29E54B170068BA0A /* LabelViewController.swift in Sources */,
				CB3A90A02A120E08001CC138 /* DefaultLabelCellConstants.swift in Sources */,
				CBDD7F892A18BBCC0081953C /* NavigationBarController.swift in Sources */,
				CB02771A2A11FACE00FA8C15 /* ButtonSettingListSectionType.swift in Sources */,
				CB7024B12A10E374006194FB /* DefaultCodeCellConstants.swift in Sources */,
				CB80B1D529E53B0000298F3C /* CoordinatorProtocol.swift in Sources */,
				CBAAA24C2A08D26C00773E0C /* LabelFontSizeCell.swift in Sources */,
				CB421FC229E5B3180014DC4F /* LabelCoordinator.swift in Sources */,
				CB5714D62A0A098F00365646 /* ButtonViewControllerConstants.swift in Sources */,
				CBAAA2442A08CC8200773E0C /* ButtonViewController.swift in Sources */,
				CB3A909E2A120DD4001CC138 /* DefaultLabelCell.swift in Sources */,
				CB3A90A42A121348001CC138 /* ButtonLabelCell.swift in Sources */,
				CB9A9C892A10C8C90065F5A5 /* DefaultViewControllerConstants.swift in Sources */,
				CB7024C22A10EC35006194FB /* DefaultFontSizeCell.swift in Sources */,
				CBAAA2522A08D61900773E0C /* LabelTextCellConstants.swift in Sources */,
				CB5714FF2A0A22D300365646 /* SFSymbolsViewController.swift in Sources */,
				CB4D1EC82A0D1691000EC05C /* LabelModel.swift in Sources */,
			);
			runOnlyForDeploymentPostprocessing = 0;
		};
/* End PBXSourcesBuildPhase section */

/* Begin PBXVariantGroup section */
		CBF4397529C1C015003E85B3 /* LaunchScreen.storyboard */ = {
			isa = PBXVariantGroup;
			children = (
				CBF4397629C1C015003E85B3 /* Base */,
			);
			name = LaunchScreen.storyboard;
			sourceTree = "<group>";
		};
/* End PBXVariantGroup section */

/* Begin XCBuildConfiguration section */
		CBF4397929C1C015003E85B3 /* Debug */ = {
			isa = XCBuildConfiguration;
			buildSettings = {
				ALWAYS_SEARCH_USER_PATHS = NO;
				CLANG_ANALYZER_NONNULL = YES;
				CLANG_ANALYZER_NUMBER_OBJECT_CONVERSION = YES_AGGRESSIVE;
				CLANG_CXX_LANGUAGE_STANDARD = "gnu++20";
				CLANG_ENABLE_MODULES = YES;
				CLANG_ENABLE_OBJC_ARC = YES;
				CLANG_ENABLE_OBJC_WEAK = YES;
				CLANG_WARN_BLOCK_CAPTURE_AUTORELEASING = YES;
				CLANG_WARN_BOOL_CONVERSION = YES;
				CLANG_WARN_COMMA = YES;
				CLANG_WARN_CONSTANT_CONVERSION = YES;
				CLANG_WARN_DEPRECATED_OBJC_IMPLEMENTATIONS = YES;
				CLANG_WARN_DIRECT_OBJC_ISA_USAGE = YES_ERROR;
				CLANG_WARN_DOCUMENTATION_COMMENTS = YES;
				CLANG_WARN_EMPTY_BODY = YES;
				CLANG_WARN_ENUM_CONVERSION = YES;
				CLANG_WARN_INFINITE_RECURSION = YES;
				CLANG_WARN_INT_CONVERSION = YES;
				CLANG_WARN_NON_LITERAL_NULL_CONVERSION = YES;
				CLANG_WARN_OBJC_IMPLICIT_RETAIN_SELF = YES;
				CLANG_WARN_OBJC_LITERAL_CONVERSION = YES;
				CLANG_WARN_OBJC_ROOT_CLASS = YES_ERROR;
				CLANG_WARN_QUOTED_INCLUDE_IN_FRAMEWORK_HEADER = YES;
				CLANG_WARN_RANGE_LOOP_ANALYSIS = YES;
				CLANG_WARN_STRICT_PROTOTYPES = YES;
				CLANG_WARN_SUSPICIOUS_MOVE = YES;
				CLANG_WARN_UNGUARDED_AVAILABILITY = YES_AGGRESSIVE;
				CLANG_WARN_UNREACHABLE_CODE = YES;
				CLANG_WARN__DUPLICATE_METHOD_MATCH = YES;
				COPY_PHASE_STRIP = NO;
				DEBUG_INFORMATION_FORMAT = dwarf;
				ENABLE_STRICT_OBJC_MSGSEND = YES;
				ENABLE_TESTABILITY = YES;
				GCC_C_LANGUAGE_STANDARD = gnu11;
				GCC_DYNAMIC_NO_PIC = NO;
				GCC_NO_COMMON_BLOCKS = YES;
				GCC_OPTIMIZATION_LEVEL = 0;
				GCC_PREPROCESSOR_DEFINITIONS = (
					"DEBUG=1",
					"$(inherited)",
				);
				GCC_WARN_64_TO_32_BIT_CONVERSION = YES;
				GCC_WARN_ABOUT_RETURN_TYPE = YES_ERROR;
				GCC_WARN_UNDECLARED_SELECTOR = YES;
				GCC_WARN_UNINITIALIZED_AUTOS = YES_AGGRESSIVE;
				GCC_WARN_UNUSED_FUNCTION = YES;
				GCC_WARN_UNUSED_VARIABLE = YES;
				INFOPLIST_KEY_CFBundleDisplayName = UIKit;
				IPHONEOS_DEPLOYMENT_TARGET = 15.0;
				MTL_ENABLE_DEBUG_INFO = INCLUDE_SOURCE;
				MTL_FAST_MATH = YES;
				ONLY_ACTIVE_ARCH = YES;
				SDKROOT = iphoneos;
				SWIFT_ACTIVE_COMPILATION_CONDITIONS = DEBUG;
				SWIFT_OPTIMIZATION_LEVEL = "-Onone";
			};
			name = Debug;
		};
		CBF4397A29C1C015003E85B3 /* Release */ = {
			isa = XCBuildConfiguration;
			buildSettings = {
				ALWAYS_SEARCH_USER_PATHS = NO;
				CLANG_ANALYZER_NONNULL = YES;
				CLANG_ANALYZER_NUMBER_OBJECT_CONVERSION = YES_AGGRESSIVE;
				CLANG_CXX_LANGUAGE_STANDARD = "gnu++20";
				CLANG_ENABLE_MODULES = YES;
				CLANG_ENABLE_OBJC_ARC = YES;
				CLANG_ENABLE_OBJC_WEAK = YES;
				CLANG_WARN_BLOCK_CAPTURE_AUTORELEASING = YES;
				CLANG_WARN_BOOL_CONVERSION = YES;
				CLANG_WARN_COMMA = YES;
				CLANG_WARN_CONSTANT_CONVERSION = YES;
				CLANG_WARN_DEPRECATED_OBJC_IMPLEMENTATIONS = YES;
				CLANG_WARN_DIRECT_OBJC_ISA_USAGE = YES_ERROR;
				CLANG_WARN_DOCUMENTATION_COMMENTS = YES;
				CLANG_WARN_EMPTY_BODY = YES;
				CLANG_WARN_ENUM_CONVERSION = YES;
				CLANG_WARN_INFINITE_RECURSION = YES;
				CLANG_WARN_INT_CONVERSION = YES;
				CLANG_WARN_NON_LITERAL_NULL_CONVERSION = YES;
				CLANG_WARN_OBJC_IMPLICIT_RETAIN_SELF = YES;
				CLANG_WARN_OBJC_LITERAL_CONVERSION = YES;
				CLANG_WARN_OBJC_ROOT_CLASS = YES_ERROR;
				CLANG_WARN_QUOTED_INCLUDE_IN_FRAMEWORK_HEADER = YES;
				CLANG_WARN_RANGE_LOOP_ANALYSIS = YES;
				CLANG_WARN_STRICT_PROTOTYPES = YES;
				CLANG_WARN_SUSPICIOUS_MOVE = YES;
				CLANG_WARN_UNGUARDED_AVAILABILITY = YES_AGGRESSIVE;
				CLANG_WARN_UNREACHABLE_CODE = YES;
				CLANG_WARN__DUPLICATE_METHOD_MATCH = YES;
				COPY_PHASE_STRIP = NO;
				DEBUG_INFORMATION_FORMAT = "dwarf-with-dsym";
				ENABLE_NS_ASSERTIONS = NO;
				ENABLE_STRICT_OBJC_MSGSEND = YES;
				GCC_C_LANGUAGE_STANDARD = gnu11;
				GCC_NO_COMMON_BLOCKS = YES;
				GCC_WARN_64_TO_32_BIT_CONVERSION = YES;
				GCC_WARN_ABOUT_RETURN_TYPE = YES_ERROR;
				GCC_WARN_UNDECLARED_SELECTOR = YES;
				GCC_WARN_UNINITIALIZED_AUTOS = YES_AGGRESSIVE;
				GCC_WARN_UNUSED_FUNCTION = YES;
				GCC_WARN_UNUSED_VARIABLE = YES;
				INFOPLIST_KEY_CFBundleDisplayName = UIKit;
				IPHONEOS_DEPLOYMENT_TARGET = 15.0;
				MTL_ENABLE_DEBUG_INFO = NO;
				MTL_FAST_MATH = YES;
				SDKROOT = iphoneos;
				SWIFT_COMPILATION_MODE = wholemodule;
				SWIFT_OPTIMIZATION_LEVEL = "-O";
				VALIDATE_PRODUCT = YES;
			};
			name = Release;
		};
		CBF4397C29C1C015003E85B3 /* Debug */ = {
			isa = XCBuildConfiguration;
			baseConfigurationReference = AAB5714282B436375042CEEF /* Pods-iOS UIKit.debug.xcconfig */;
			buildSettings = {
				ASSETCATALOG_COMPILER_APPICON_NAME = AppIcon;
				ASSETCATALOG_COMPILER_GLOBAL_ACCENT_COLOR_NAME = AccentColor;
				CODE_SIGN_STYLE = Automatic;
				CURRENT_PROJECT_VERSION = 2;
				DEVELOPMENT_TEAM = 34STBCNCDG;
				GENERATE_INFOPLIST_FILE = YES;
				INFOPLIST_FILE = "iOS UIKit/Info.plist";
				INFOPLIST_KEY_LSApplicationCategoryType = "public.app-category.developer-tools";
				INFOPLIST_KEY_UIApplicationSupportsIndirectInputEvents = YES;
				INFOPLIST_KEY_UILaunchStoryboardName = LaunchScreen;
				INFOPLIST_KEY_UISupportedInterfaceOrientations = UIInterfaceOrientationPortrait;
				INFOPLIST_KEY_UISupportedInterfaceOrientations_iPad = "UIInterfaceOrientationLandscapeLeft UIInterfaceOrientationLandscapeRight UIInterfaceOrientationPortrait UIInterfaceOrientationPortraitUpsideDown";
				IPHONEOS_DEPLOYMENT_TARGET = 15.0;
				LD_RUNPATH_SEARCH_PATHS = (
					"$(inherited)",
					"@executable_path/Frameworks",
				);
				MARKETING_VERSION = 2.0;
				PRODUCT_BUNDLE_IDENTIFIER = "com.gmail.junbok97.iOS-UIKit";
				PRODUCT_NAME = "$(TARGET_NAME)";
				SUPPORTED_PLATFORMS = "iphoneos iphonesimulator";
				SUPPORTS_MACCATALYST = NO;
				SUPPORTS_MAC_DESIGNED_FOR_IPHONE_IPAD = NO;
				SWIFT_EMIT_LOC_STRINGS = YES;
				SWIFT_VERSION = 5.0;
				TARGETED_DEVICE_FAMILY = 1;
			};
			name = Debug;
		};
		CBF4397D29C1C015003E85B3 /* Release */ = {
			isa = XCBuildConfiguration;
			baseConfigurationReference = 82DCA29C72000ECC48502CFC /* Pods-iOS UIKit.release.xcconfig */;
			buildSettings = {
				ASSETCATALOG_COMPILER_APPICON_NAME = AppIcon;
				ASSETCATALOG_COMPILER_GLOBAL_ACCENT_COLOR_NAME = AccentColor;
				CODE_SIGN_STYLE = Automatic;
				CURRENT_PROJECT_VERSION = 2;
				DEVELOPMENT_TEAM = 34STBCNCDG;
				GENERATE_INFOPLIST_FILE = YES;
				INFOPLIST_FILE = "iOS UIKit/Info.plist";
				INFOPLIST_KEY_LSApplicationCategoryType = "public.app-category.developer-tools";
				INFOPLIST_KEY_UIApplicationSupportsIndirectInputEvents = YES;
				INFOPLIST_KEY_UILaunchStoryboardName = LaunchScreen;
				INFOPLIST_KEY_UISupportedInterfaceOrientations = UIInterfaceOrientationPortrait;
				INFOPLIST_KEY_UISupportedInterfaceOrientations_iPad = "UIInterfaceOrientationLandscapeLeft UIInterfaceOrientationLandscapeRight UIInterfaceOrientationPortrait UIInterfaceOrientationPortraitUpsideDown";
				IPHONEOS_DEPLOYMENT_TARGET = 15.0;
				LD_RUNPATH_SEARCH_PATHS = (
					"$(inherited)",
					"@executable_path/Frameworks",
				);
				MARKETING_VERSION = 2.0;
				PRODUCT_BUNDLE_IDENTIFIER = "com.gmail.junbok97.iOS-UIKit";
				PRODUCT_NAME = "$(TARGET_NAME)";
				SUPPORTED_PLATFORMS = "iphoneos iphonesimulator";
				SUPPORTS_MACCATALYST = NO;
				SUPPORTS_MAC_DESIGNED_FOR_IPHONE_IPAD = NO;
				SWIFT_EMIT_LOC_STRINGS = YES;
				SWIFT_VERSION = 5.0;
				TARGETED_DEVICE_FAMILY = 1;
			};
			name = Release;
		};
/* End XCBuildConfiguration section */

/* Begin XCConfigurationList section */
		CBF4396229C1C014003E85B3 /* Build configuration list for PBXProject "iOS UIKit" */ = {
			isa = XCConfigurationList;
			buildConfigurations = (
				CBF4397929C1C015003E85B3 /* Debug */,
				CBF4397A29C1C015003E85B3 /* Release */,
			);
			defaultConfigurationIsVisible = 0;
			defaultConfigurationName = Release;
		};
		CBF4397B29C1C015003E85B3 /* Build configuration list for PBXNativeTarget "iOS UIKit" */ = {
			isa = XCConfigurationList;
			buildConfigurations = (
				CBF4397C29C1C015003E85B3 /* Debug */,
				CBF4397D29C1C015003E85B3 /* Release */,
			);
			defaultConfigurationIsVisible = 0;
			defaultConfigurationName = Release;
		};
/* End XCConfigurationList section */
	};
	rootObject = CBF4395F29C1C014003E85B3 /* Project object */;
}
